<?xml version="1.0" encoding="UTF-8"?>
<Scheme
   LastUpgradeVersion = "0610"
   version = "1.3">
   <BuildAction
      parallelizeBuildables = "YES"
      buildImplicitDependencies = "YES">
      <BuildActionEntries>
         <BuildActionEntry
            buildForTesting = "YES"
            buildForRunning = "YES"
            buildForProfiling = "YES"
            buildForArchiving = "YES"
            buildForAnalyzing = "YES">
            <BuildableReference
               BuildableIdentifier = "primary"
               BlueprintIdentifier = "50317D3614C494C800F23C04"
               BuildableName = "RTFKit.dylib"
               BlueprintName = "RTFKit"
               ReferencedContainer = "container:RTFKit.xcodeproj">
            </BuildableReference>
         </BuildActionEntry>
      </BuildActionEntries>
   </BuildAction>
   <TestAction
      selectedDebuggerIdentifier = "Xcode.DebuggerFoundation.Debugger.LLDB"
      selectedLauncherIdentifier = "Xcode.DebuggerFoundation.Launcher.LLDB"
      shouldUseLaunchSchemeArgsEnv = "NO"
      buildConfiguration = "Debug">
      <Testables>
         <TestableReference
            skipped = "NO">
            <BuildableReference
               BuildableIdentifier = "primary"
               BlueprintIdentifier = "50317D4A14C494C800F23C04"
               BuildableName = "RTFKitTests.xctest"
               BlueprintName = "RTFKitTests"
               ReferencedContainer = "container:RTFKit.xcodeproj">
            </BuildableReference>
            <SkippedTests>
               <Test
                  Identifier = "NSAttributedStringPersistenceTest">
               </Test>
               <Test
                  Identifier = "NSStringHyphenationTest">
               </Test>
               <Test
                  Identifier = "RKAdditionalParagraphStyleWriterTest">
               </Test>
               <Test
                  Identifier = "RKColorAttributeWriterTest">
               </Test>
               <Test
                  Identifier = "RKConversionTest">
               </Test>
               <Test
                  Identifier = "RKDocumentPersistenceTest">
               </Test>
               <Test
                  Identifier = "RKDocumentTest">
               </Test>
               <Test
                  Identifier = "RKFontAttributeWriterTest">
               </Test>
               <Test
                  Identifier = "RKFootnoteWriterTest">
               </Test>
               <Test
                  Identifier = "RKHeaderWriterTest">
               </Test>
               <Test
                  Identifier = "RKImageAttachmentWriterTest">
               </Test>
               <Test
                  Identifier = "RKKernAttributeWriterTest">
               </Test>
               <Test
                  Identifier = "RKLinkWriterTest">
               </Test>
               <Test
                  Identifier = "RKListEnumeratorTest">
               </Test>
               <Test
                  Identifier = "RKListItemWriterTest">
               </Test>
               <Test
                  Identifier = "RKListStyleWriterAdditionsTest">
               </Test>
               <Test
                  Identifier = "RKNumberFormattingTest">
               </Test>
               <Test
                  Identifier = "RKPDFWriterTest">
               </Test>
               <Test
                  Identifier = "RKParagraphStyleWrapperTest">
               </Test>
               <Test
                  Identifier = "RKParagraphStyleWriterTest">
               </Test>
               <Test
                  Identifier = "RKPlaceholderWriterTest">
               </Test>
               <Test
                  Identifier = "RKResourcePoolTest">
               </Test>
               <Test
                  Identifier = "RKSectionTest">
               </Test>
               <Test
                  Identifier = "RKSectionWriterTest">
               </Test>
               <Test
                  Identifier = "RKShadowAttributeWriterTest">
               </Test>
               <Test
                  Identifier = "RKStrikethroughStyleAttributeWriterTest">
               </Test>
               <Test
                  Identifier = "RKStrokeWidthAttributeWriterTest">
               </Test>
               <Test
                  Identifier = "RKStyleNameAttributeWriterTest">
               </Test>
               <Test
                  Identifier = "RKSuperscriptAttributeWriterTest">
               </Test>
               <Test
                  Identifier = "RKTaggedStringTest">
               </Test>
               <Test
                  Identifier = "RKUnderlineStyleAttributeWriterTest">
               </Test>
               <Test
                  Identifier = "RKWriterTest">
               </Test>
            </SkippedTests>
         </TestableReference>
      </Testables>
      <EnvironmentVariables>
         <EnvironmentVariable
            key = "NSZombieEnabled"
            value = "YES"
            isEnabled = "NO">
         </EnvironmentVariable>
         <EnvironmentVariable
            key = "AUTO_REFERENCE_COUNT_LOGGING"
            value = "YES"
            isEnabled = "NO">
         </EnvironmentVariable>
         <EnvironmentVariable
            key = "MallocStackLoggingNoCompact"
            value = "YES"
            isEnabled = "NO">
         </EnvironmentVariable>
         <EnvironmentVariable
            key = "MallocStackLogging"
            value = "1"
            isEnabled = "NO">
         </EnvironmentVariable>
         <EnvironmentVariable
            key = "NSDeallocateZombies"
            value = "NO"
            isEnabled = "NO">
         </EnvironmentVariable>
         <EnvironmentVariable
            key = "MallocGuardEdges"
            value = "YES"
            isEnabled = "NO">
         </EnvironmentVariable>
      </EnvironmentVariables>
   </TestAction>
   <LaunchAction
      selectedDebuggerIdentifier = "Xcode.DebuggerFoundation.Debugger.LLDB"
      selectedLauncherIdentifier = "Xcode.DebuggerFoundation.Launcher.LLDB"
      launchStyle = "0"
      useCustomWorkingDirectory = "NO"
      buildConfiguration = "Debug"
      ignoresPersistentStateOnLaunch = "NO"
      debugDocumentVersioning = "YES"
      allowLocationSimulation = "YES">
      <MacroExpansion>
         <BuildableReference
            BuildableIdentifier = "primary"
            BlueprintIdentifier = "50317D3614C494C800F23C04"
            BuildableName = "RTFKit.dylib"
            BlueprintName = "RTFKit"
            ReferencedContainer = "container:RTFKit.xcodeproj">
         </BuildableReference>
      </MacroExpansion>
      <AdditionalOptions>
      </AdditionalOptions>
   </LaunchAction>
   <ProfileAction
      shouldUseLaunchSchemeArgsEnv = "YES"
      savedToolIdentifier = ""
      useCustomWorkingDirectory = "NO"
      buildConfiguration = "Release"
      debugDocumentVersioning = "YES">
      <MacroExpansion>
         <BuildableReference
            BuildableIdentifier = "primary"
            BlueprintIdentifier = "50317D3614C494C800F23C04"
            BuildableName = "RTFKit.dylib"
            BlueprintName = "RTFKit"
            ReferencedContainer = "container:RTFKit.xcodeproj">
         </BuildableReference>
      </MacroExpansion>
   </ProfileAction>
   <AnalyzeAction
      buildConfiguration = "Debug">
   </AnalyzeAction>
   <ArchiveAction
      buildConfiguration = "Release"
      revealArchiveInOrganizer = "YES">
   </ArchiveAction>
</Scheme>
