// !$*UTF8*$!
{
	archiveVersion = 1;
	classes = {
	};
	objectVersion = 46;
	objects = {

/* Begin PBXBuildFile section */
		40E53ED71729F68F001664EC /* Foundation.framework in Frameworks */ = {isa = PBXBuildFile; fileRef = 40E53ED61729F68F001664EC /* Foundation.framework */; };
		40E53EE61729F68F001664EC /* SenTestingKit.framework in Frameworks */ = {isa = PBXBuildFile; fileRef = 40E53EE51729F68F001664EC /* SenTestingKit.framework */; };
		40E53EE81729F68F001664EC /* UIKit.framework in Frameworks */ = {isa = PBXBuildFile; fileRef = 40E53EE71729F68F001664EC /* UIKit.framework */; };
		40E53EE91729F68F001664EC /* Foundation.framework in Frameworks */ = {isa = PBXBuildFile; fileRef = 40E53ED61729F68F001664EC /* Foundation.framework */; };
		40E53EEC1729F68F001664EC /* libKissXML.a in Frameworks */ = {isa = PBXBuildFile; fileRef = 40E53ED31729F68F001664EC /* libKissXML.a */; };
		40E53EF21729F68F001664EC /* InfoPlist.strings in Resources */ = {isa = PBXBuildFile; fileRef = 40E53EF01729F68F001664EC /* InfoPlist.strings */; };
		40E53EF51729F68F001664EC /* KissXMLTests.m in Sources */ = {isa = PBXBuildFile; fileRef = 40E53EF41729F68F001664EC /* KissXMLTests.m */; };
		40E53F0D1729F71E001664EC /* DDXMLElementAdditions.m in Sources */ = {isa = PBXBuildFile; fileRef = 40E53F001729F71E001664EC /* DDXMLElementAdditions.m */; };
		40E53F0E1729F71E001664EC /* NSString+DDXML.m in Sources */ = {isa = PBXBuildFile; fileRef = 40E53F031729F71E001664EC /* NSString+DDXML.m */; };
		40E53F0F1729F71E001664EC /* DDXMLDocument.m in Sources */ = {isa = PBXBuildFile; fileRef = 40E53F061729F71E001664EC /* DDXMLDocument.m */; };
		40E53F101729F71E001664EC /* DDXMLElement.m in Sources */ = {isa = PBXBuildFile; fileRef = 40E53F081729F71E001664EC /* DDXMLElement.m */; };
		40E53F111729F71E001664EC /* DDXMLNode.m in Sources */ = {isa = PBXBuildFile; fileRef = 40E53F0A1729F71E001664EC /* DDXMLNode.m */; };
		40FBBDA0172CC14000AAD9CC /* DDXMLElementAdditions.h in CopyFiles */ = {isa = PBXBuildFile; fileRef = 40E53EFF1729F71E001664EC /* DDXMLElementAdditions.h */; };
		40FBBDA1172CC14000AAD9CC /* NSString+DDXML.h in CopyFiles */ = {isa = PBXBuildFile; fileRef = 40E53F021729F71E001664EC /* NSString+DDXML.h */; };
		40FBBDA2172CC14000AAD9CC /* DDXML.h in CopyFiles */ = {isa = PBXBuildFile; fileRef = 40E53F041729F71E001664EC /* DDXML.h */; };
		40FBBDA3172CC14000AAD9CC /* DDXMLDocument.h in CopyFiles */ = {isa = PBXBuildFile; fileRef = 40E53F051729F71E001664EC /* DDXMLDocument.h */; };
		40FBBDA4172CC14000AAD9CC /* DDXMLElement.h in CopyFiles */ = {isa = PBXBuildFile; fileRef = 40E53F071729F71E001664EC /* DDXMLElement.h */; };
		40FBBDA5172CC14000AAD9CC /* DDXMLNode.h in CopyFiles */ = {isa = PBXBuildFile; fileRef = 40E53F091729F71E001664EC /* DDXMLNode.h */; };
/* End PBXBuildFile section */

/* Begin PBXContainerItemProxy section */
		40E53EEA1729F68F001664EC /* PBXContainerItemProxy */ = {
			isa = PBXContainerItemProxy;
			containerPortal = 40E53ECB1729F68F001664EC /* Project object */;
			proxyType = 1;
			remoteGlobalIDString = 40E53ED21729F68F001664EC;
			remoteInfo = KissXML;
		};
/* End PBXContainerItemProxy section */

/* Begin PBXCopyFilesBuildPhase section */
		40E53ED11729F68F001664EC /* CopyFiles */ = {
			isa = PBXCopyFilesBuildPhase;
			buildActionMask = 2147483647;
			dstPath = "include/${PRODUCT_NAME}";
			dstSubfolderSpec = 16;
			files = (
				40FBBDA0172CC14000AAD9CC /* DDXMLElementAdditions.h in CopyFiles */,
				40FBBDA1172CC14000AAD9CC /* NSString+DDXML.h in CopyFiles */,
				40FBBDA2172CC14000AAD9CC /* DDXML.h in CopyFiles */,
				40FBBDA3172CC14000AAD9CC /* DDXMLDocument.h in CopyFiles */,
				40FBBDA4172CC14000AAD9CC /* DDXMLElement.h in CopyFiles */,
				40FBBDA5172CC14000AAD9CC /* DDXMLNode.h in CopyFiles */,
			);
			runOnlyForDeploymentPostprocessing = 0;
		};
/* End PBXCopyFilesBuildPhase section */

/* Begin PBXFileReference section */
		40E53ED31729F68F001664EC /* libKissXML.a */ = {isa = PBXFileReference; explicitFileType = archive.ar; includeInIndex = 0; path = libKissXML.a; sourceTree = BUILT_PRODUCTS_DIR; };
		40E53ED61729F68F001664EC /* Foundation.framework */ = {isa = PBXFileReference; lastKnownFileType = wrapper.framework; name = Foundation.framework; path = System/Library/Frameworks/Foundation.framework; sourceTree = SDKROOT; };
		40E53EE41729F68F001664EC /* KissXMLTests.octest */ = {isa = PBXFileReference; explicitFileType = wrapper.cfbundle; includeInIndex = 0; path = KissXMLTests.octest; sourceTree = BUILT_PRODUCTS_DIR; };
		40E53EE51729F68F001664EC /* SenTestingKit.framework */ = {isa = PBXFileReference; lastKnownFileType = wrapper.framework; name = SenTestingKit.framework; path = Library/Frameworks/SenTestingKit.framework; sourceTree = DEVELOPER_DIR; };
		40E53EE71729F68F001664EC /* UIKit.framework */ = {isa = PBXFileReference; lastKnownFileType = wrapper.framework; name = UIKit.framework; path = Library/Frameworks/UIKit.framework; sourceTree = DEVELOPER_DIR; };
		40E53EEF1729F68F001664EC /* KissXMLTests-Info.plist */ = {isa = PBXFileReference; lastKnownFileType = text.plist.xml; path = "KissXMLTests-Info.plist"; sourceTree = "<group>"; };
		40E53EF11729F68F001664EC /* en */ = {isa = PBXFileReference; lastKnownFileType = text.plist.strings; name = en; path = en.lproj/InfoPlist.strings; sourceTree = "<group>"; };
		40E53EF31729F68F001664EC /* KissXMLTests.h */ = {isa = PBXFileReference; lastKnownFileType = sourcecode.c.h; path = KissXMLTests.h; sourceTree = "<group>"; };
		40E53EF41729F68F001664EC /* KissXMLTests.m */ = {isa = PBXFileReference; lastKnownFileType = sourcecode.c.objc; path = KissXMLTests.m; sourceTree = "<group>"; };
		40E53EFF1729F71E001664EC /* DDXMLElementAdditions.h */ = {isa = PBXFileReference; fileEncoding = 4; lastKnownFileType = sourcecode.c.h; path = DDXMLElementAdditions.h; sourceTree = "<group>"; };
		40E53F001729F71E001664EC /* DDXMLElementAdditions.m */ = {isa = PBXFileReference; fileEncoding = 4; lastKnownFileType = sourcecode.c.objc; path = DDXMLElementAdditions.m; sourceTree = "<group>"; };
		40E53F021729F71E001664EC /* NSString+DDXML.h */ = {isa = PBXFileReference; fileEncoding = 4; lastKnownFileType = sourcecode.c.h; path = "NSString+DDXML.h"; sourceTree = "<group>"; };
		40E53F031729F71E001664EC /* NSString+DDXML.m */ = {isa = PBXFileReference; fileEncoding = 4; lastKnownFileType = sourcecode.c.objc; path = "NSString+DDXML.m"; sourceTree = "<group>"; };
		40E53F041729F71E001664EC /* DDXML.h */ = {isa = PBXFileReference; fileEncoding = 4; lastKnownFileType = sourcecode.c.h; path = DDXML.h; sourceTree = "<group>"; };
		40E53F051729F71E001664EC /* DDXMLDocument.h */ = {isa = PBXFileReference; fileEncoding = 4; lastKnownFileType = sourcecode.c.h; path = DDXMLDocument.h; sourceTree = "<group>"; };
		40E53F061729F71E001664EC /* DDXMLDocument.m */ = {isa = PBXFileReference; fileEncoding = 4; lastKnownFileType = sourcecode.c.objc; path = DDXMLDocument.m; sourceTree = "<group>"; };
		40E53F071729F71E001664EC /* DDXMLElement.h */ = {isa = PBXFileReference; fileEncoding = 4; lastKnownFileType = sourcecode.c.h; path = DDXMLElement.h; sourceTree = "<group>"; };
		40E53F081729F71E001664EC /* DDXMLElement.m */ = {isa = PBXFileReference; fileEncoding = 4; lastKnownFileType = sourcecode.c.objc; path = DDXMLElement.m; sourceTree = "<group>"; };
		40E53F091729F71E001664EC /* DDXMLNode.h */ = {isa = PBXFileReference; fileEncoding = 4; lastKnownFileType = sourcecode.c.h; path = DDXMLNode.h; sourceTree = "<group>"; };
		40E53F0A1729F71E001664EC /* DDXMLNode.m */ = {isa = PBXFileReference; fileEncoding = 4; lastKnownFileType = sourcecode.c.objc; path = DDXMLNode.m; sourceTree = "<group>"; };
		40E53F0C1729F71E001664EC /* DDXMLPrivate.h */ = {isa = PBXFileReference; fileEncoding = 4; lastKnownFileType = sourcecode.c.h; path = DDXMLPrivate.h; sourceTree = "<group>"; };
/* End PBXFileReference section */

/* Begin PBXFrameworksBuildPhase section */
		40E53ED01729F68F001664EC /* Frameworks */ = {
			isa = PBXFrameworksBuildPhase;
			buildActionMask = 2147483647;
			files = (
				40E53ED71729F68F001664EC /* Foundation.framework in Frameworks */,
			);
			runOnlyForDeploymentPostprocessing = 0;
		};
		40E53EE01729F68F001664EC /* Frameworks */ = {
			isa = PBXFrameworksBuildPhase;
			buildActionMask = 2147483647;
			files = (
				40E53EE61729F68F001664EC /* SenTestingKit.framework in Frameworks */,
				40E53EE81729F68F001664EC /* UIKit.framework in Frameworks */,
				40E53EE91729F68F001664EC /* Foundation.framework in Frameworks */,
				40E53EEC1729F68F001664EC /* libKissXML.a in Frameworks */,
			);
			runOnlyForDeploymentPostprocessing = 0;
		};
/* End PBXFrameworksBuildPhase section */

/* Begin PBXGroup section */
		40E53ECA1729F68F001664EC = {
			isa = PBXGroup;
			children = (
				40E53ED81729F68F001664EC /* KissXML */,
				40E53EED1729F68F001664EC /* KissXMLTests */,
				40E53ED51729F68F001664EC /* Frameworks */,
				40E53ED41729F68F001664EC /* Products */,
			);
			sourceTree = "<group>";
		};
		40E53ED41729F68F001664EC /* Products */ = {
			isa = PBXGroup;
			children = (
				40E53ED31729F68F001664EC /* libKissXML.a */,
				40E53EE41729F68F001664EC /* KissXMLTests.octest */,
			);
			name = Products;
			sourceTree = "<group>";
		};
		40E53ED51729F68F001664EC /* Frameworks */ = {
			isa = PBXGroup;
			children = (
				40E53ED61729F68F001664EC /* Foundation.framework */,
				40E53EE51729F68F001664EC /* SenTestingKit.framework */,
				40E53EE71729F68F001664EC /* UIKit.framework */,
			);
			name = Frameworks;
			sourceTree = "<group>";
		};
		40E53ED81729F68F001664EC /* KissXML */ = {
			isa = PBXGroup;
			children = (
				40E53EFE1729F71E001664EC /* Additions */,
				40E53F011729F71E001664EC /* Categories */,
				40E53F041729F71E001664EC /* DDXML.h */,
				40E53F051729F71E001664EC /* DDXMLDocument.h */,
				40E53F061729F71E001664EC /* DDXMLDocument.m */,
				40E53F071729F71E001664EC /* DDXMLElement.h */,
				40E53F081729F71E001664EC /* DDXMLElement.m */,
				40E53F091729F71E001664EC /* DDXMLNode.h */,
				40E53F0A1729F71E001664EC /* DDXMLNode.m */,
				40E53F0B1729F71E001664EC /* Private */,
			);
			path = KissXML;
			sourceTree = "<group>";
		};
		40E53EED1729F68F001664EC /* KissXMLTests */ = {
			isa = PBXGroup;
			children = (
				40E53EF31729F68F001664EC /* KissXMLTests.h */,
				40E53EF41729F68F001664EC /* KissXMLTests.m */,
				40E53EEE1729F68F001664EC /* Supporting Files */,
			);
			path = KissXMLTests;
			sourceTree = "<group>";
		};
		40E53EEE1729F68F001664EC /* Supporting Files */ = {
			isa = PBXGroup;
			children = (
				40E53EEF1729F68F001664EC /* KissXMLTests-Info.plist */,
				40E53EF01729F68F001664EC /* InfoPlist.strings */,
			);
			name = "Supporting Files";
			sourceTree = "<group>";
		};
		40E53EFE1729F71E001664EC /* Additions */ = {
			isa = PBXGroup;
			children = (
				40E53EFF1729F71E001664EC /* DDXMLElementAdditions.h */,
				40E53F001729F71E001664EC /* DDXMLElementAdditions.m */,
			);
			path = Additions;
			sourceTree = "<group>";
		};
		40E53F011729F71E001664EC /* Categories */ = {
			isa = PBXGroup;
			children = (
				40E53F021729F71E001664EC /* NSString+DDXML.h */,
				40E53F031729F71E001664EC /* NSString+DDXML.m */,
			);
			path = Categories;
			sourceTree = "<group>";
		};
		40E53F0B1729F71E001664EC /* Private */ = {
			isa = PBXGroup;
			children = (
				40E53F0C1729F71E001664EC /* DDXMLPrivate.h */,
			);
			path = Private;
			sourceTree = "<group>";
		};
/* End PBXGroup section */

/* Begin PBXNativeTarget section */
		40E53ED21729F68F001664EC /* KissXML */ = {
			isa = PBXNativeTarget;
			buildConfigurationList = 40E53EF81729F68F001664EC /* Build configuration list for PBXNativeTarget "KissXML" */;
			buildPhases = (
				40E53ECF1729F68F001664EC /* Sources */,
				40E53ED01729F68F001664EC /* Frameworks */,
				40E53ED11729F68F001664EC /* CopyFiles */,
			);
			buildRules = (
			);
			dependencies = (
			);
			name = KissXML;
			productName = KissXML;
			productReference = 40E53ED31729F68F001664EC /* libKissXML.a */;
			productType = "com.apple.product-type.library.static";
		};
		40E53EE31729F68F001664EC /* KissXMLTests */ = {
			isa = PBXNativeTarget;
			buildConfigurationList = 40E53EFB1729F68F001664EC /* Build configuration list for PBXNativeTarget "KissXMLTests" */;
			buildPhases = (
				40E53EDF1729F68F001664EC /* Sources */,
				40E53EE01729F68F001664EC /* Frameworks */,
				40E53EE11729F68F001664EC /* Resources */,
				40E53EE21729F68F001664EC /* ShellScript */,
			);
			buildRules = (
			);
			dependencies = (
				40E53EEB1729F68F001664EC /* PBXTargetDependency */,
			);
			name = KissXMLTests;
			productName = KissXMLTests;
			productReference = 40E53EE41729F68F001664EC /* KissXMLTests.octest */;
			productType = "com.apple.product-type.bundle.ocunit-test";
		};
/* End PBXNativeTarget section */

/* Begin PBXProject section */
		40E53ECB1729F68F001664EC /* Project object */ = {
			isa = PBXProject;
			attributes = {
				LastTestingUpgradeCheck = 0620;
				LastUpgradeCheck = 0510;
				ORGANIZATIONNAME = "Robbie Hanson with modifications from Tipbit, Inc.";
			};
			buildConfigurationList = 40E53ECE1729F68F001664EC /* Build configuration list for PBXProject "KissXML" */;
			compatibilityVersion = "Xcode 3.2";
			developmentRegion = English;
			hasScannedForEncodings = 0;
			knownRegions = (
				en,
			);
			mainGroup = 40E53ECA1729F68F001664EC;
			productRefGroup = 40E53ED41729F68F001664EC /* Products */;
			projectDirPath = "";
			projectRoot = "";
			targets = (
				40E53ED21729F68F001664EC /* KissXML */,
				40E53EE31729F68F001664EC /* KissXMLTests */,
			);
		};
/* End PBXProject section */

/* Begin PBXResourcesBuildPhase section */
		40E53EE11729F68F001664EC /* Resources */ = {
			isa = PBXResourcesBuildPhase;
			buildActionMask = 2147483647;
			files = (
				40E53EF21729F68F001664EC /* InfoPlist.strings in Resources */,
			);
			runOnlyForDeploymentPostprocessing = 0;
		};
/* End PBXResourcesBuildPhase section */

/* Begin PBXShellScriptBuildPhase section */
		40E53EE21729F68F001664EC /* ShellScript */ = {
			isa = PBXShellScriptBuildPhase;
			buildActionMask = 2147483647;
			files = (
			);
			inputPaths = (
			);
			outputPaths = (
			);
			runOnlyForDeploymentPostprocessing = 0;
			shellPath = /bin/sh;
			shellScript = "# Run the unit tests in this test bundle.\n\"${SYSTEM_DEVELOPER_DIR}/Tools/RunUnitTests\"\n";
		};
/* End PBXShellScriptBuildPhase section */

/* Begin PBXSourcesBuildPhase section */
		40E53ECF1729F68F001664EC /* Sources */ = {
			isa = PBXSourcesBuildPhase;
			buildActionMask = 2147483647;
			files = (
				40E53F0D1729F71E001664EC /* DDXMLElementAdditions.m in Sources */,
				40E53F0E1729F71E001664EC /* NSString+DDXML.m in Sources */,
				40E53F0F1729F71E001664EC /* DDXMLDocument.m in Sources */,
				40E53F101729F71E001664EC /* DDXMLElement.m in Sources */,
				40E53F111729F71E001664EC /* DDXMLNode.m in Sources */,
			);
			runOnlyForDeploymentPostprocessing = 0;
		};
		40E53EDF1729F68F001664EC /* Sources */ = {
			isa = PBXSourcesBuildPhase;
			buildActionMask = 2147483647;
			files = (
				40E53EF51729F68F001664EC /* KissXMLTests.m in Sources */,
			);
			runOnlyForDeploymentPostprocessing = 0;
		};
/* End PBXSourcesBuildPhase section */

/* Begin PBXTargetDependency section */
		40E53EEB1729F68F001664EC /* PBXTargetDependency */ = {
			isa = PBXTargetDependency;
			target = 40E53ED21729F68F001664EC /* KissXML */;
			targetProxy = 40E53EEA1729F68F001664EC /* PBXContainerItemProxy */;
		};
/* End PBXTargetDependency section */

/* Begin PBXVariantGroup section */
		40E53EF01729F68F001664EC /* InfoPlist.strings */ = {
			isa = PBXVariantGroup;
			children = (
				40E53EF11729F68F001664EC /* en */,
			);
			name = InfoPlist.strings;
			sourceTree = "<group>";
		};
/* End PBXVariantGroup section */

/* Begin XCBuildConfiguration section */
		40E53EF61729F68F001664EC /* Debug */ = {
			isa = XCBuildConfiguration;
			buildSettings = {
				ALWAYS_SEARCH_USER_PATHS = NO;
				CLANG_CXX_LANGUAGE_STANDARD = "gnu++0x";
				CLANG_CXX_LIBRARY = "libc++";
				CLANG_ENABLE_OBJC_ARC = YES;
				CLANG_WARN_CONSTANT_CONVERSION = YES;
				CLANG_WARN_EMPTY_BODY = YES;
				CLANG_WARN_ENUM_CONVERSION = YES;
				CLANG_WARN_INT_CONVERSION = YES;
				CLANG_WARN__DUPLICATE_METHOD_MATCH = YES;
				COPY_PHASE_STRIP = NO;
				GCC_C_LANGUAGE_STANDARD = gnu99;
				GCC_DYNAMIC_NO_PIC = NO;
				GCC_OPTIMIZATION_LEVEL = 0;
				GCC_PREPROCESSOR_DEFINITIONS = (
					"DEBUG=1",
					"$(inherited)",
				);
				GCC_SYMBOLS_PRIVATE_EXTERN = NO;
				GCC_WARN_ABOUT_RETURN_TYPE = YES;
				GCC_WARN_UNINITIALIZED_AUTOS = YES;
				GCC_WARN_UNUSED_VARIABLE = YES;
				IPHONEOS_DEPLOYMENT_TARGET = 6.1;
				ONLY_ACTIVE_ARCH = YES;
				SDKROOT = iphoneos;
			};
			name = Debug;
		};
		40E53EF71729F68F001664EC /* Release */ = {
			isa = XCBuildConfiguration;
			buildSettings = {
				ALWAYS_SEARCH_USER_PATHS = NO;
				CLANG_CXX_LANGUAGE_STANDARD = "gnu++0x";
				CLANG_CXX_LIBRARY = "libc++";
				CLANG_ENABLE_OBJC_ARC = YES;
				CLANG_WARN_CONSTANT_CONVERSION = YES;
				CLANG_WARN_EMPTY_BODY = YES;
				CLANG_WARN_ENUM_CONVERSION = YES;
				CLANG_WARN_INT_CONVERSION = YES;
				CLANG_WARN__DUPLICATE_METHOD_MATCH = YES;
				COPY_PHASE_STRIP = YES;
				GCC_C_LANGUAGE_STANDARD = gnu99;
				GCC_WARN_ABOUT_RETURN_TYPE = YES;
				GCC_WARN_UNINITIALIZED_AUTOS = YES;
				GCC_WARN_UNUSED_VARIABLE = YES;
				IPHONEOS_DEPLOYMENT_TARGET = 6.1;
				SDKROOT = iphoneos;
				VALIDATE_PRODUCT = YES;
			};
			name = Release;
		};
		40E53EF91729F68F001664EC /* Debug */ = {
			isa = XCBuildConfiguration;
			buildSettings = {
				DSTROOT = /tmp/KissXML.dst;
				GCC_PRECOMPILE_PREFIX_HEADER = YES;
				GCC_PREFIX_HEADER = "";
				HEADER_SEARCH_PATHS = /usr/include/libxml2;
				OTHER_LDFLAGS = "-ObjC";
				PRODUCT_NAME = "$(TARGET_NAME)";
				SKIP_INSTALL = YES;
			};
			name = Debug;
		};
		40E53EFA1729F68F001664EC /* Release */ = {
			isa = XCBuildConfiguration;
			buildSettings = {
				DSTROOT = /tmp/KissXML.dst;
				GCC_PRECOMPILE_PREFIX_HEADER = YES;
				GCC_PREFIX_HEADER = "";
				HEADER_SEARCH_PATHS = /usr/include/libxml2;
				OTHER_LDFLAGS = "-ObjC";
				PRODUCT_NAME = "$(TARGET_NAME)";
				SKIP_INSTALL = YES;
			};
			name = Release;
		};
		40E53EFC1729F68F001664EC /* Debug */ = {
			isa = XCBuildConfiguration;
			buildSettings = {
				FRAMEWORK_SEARCH_PATHS = (
					"\"$(SDKROOT)/Developer/Library/Frameworks\"",
					"\"$(DEVELOPER_LIBRARY_DIR)/Frameworks\"",
				);
				GCC_PRECOMPILE_PREFIX_HEADER = YES;
				GCC_PREFIX_HEADER = "KissXML/KissXML-Prefix.pch";
				INFOPLIST_FILE = "KissXMLTests/KissXMLTests-Info.plist";
				PRODUCT_NAME = "$(TARGET_NAME)";
				WRAPPER_EXTENSION = octest;
			};
			name = Debug;
		};
		40E53EFD1729F68F001664EC /* Release */ = {
			isa = XCBuildConfiguration;
			buildSettings = {
				FRAMEWORK_SEARCH_PATHS = (
					"\"$(SDKROOT)/Developer/Library/Frameworks\"",
					"\"$(DEVELOPER_LIBRARY_DIR)/Frameworks\"",
				);
				GCC_PRECOMPILE_PREFIX_HEADER = YES;
				GCC_PREFIX_HEADER = "KissXML/KissXML-Prefix.pch";
				INFOPLIST_FILE = "KissXMLTests/KissXMLTests-Info.plist";
				PRODUCT_NAME = "$(TARGET_NAME)";
				WRAPPER_EXTENSION = octest;
			};
			name = Release;
		};
/* End XCBuildConfiguration section */

/* Begin XCConfigurationList section */
		40E53ECE1729F68F001664EC /* Build configuration list for PBXProject "KissXML" */ = {
			isa = XCConfigurationList;
			buildConfigurations = (
				40E53EF61729F68F001664EC /* Debug */,
				40E53EF71729F68F001664EC /* Release */,
			);
			defaultConfigurationIsVisible = 0;
			defaultConfigurationName = Release;
		};
		40E53EF81729F68F001664EC /* Build configuration list for PBXNativeTarget "KissXML" */ = {
			isa = XCConfigurationList;
			buildConfigurations = (
				40E53EF91729F68F001664EC /* Debug */,
				40E53EFA1729F68F001664EC /* Release */,
			);
			defaultConfigurationIsVisible = 0;
			defaultConfigurationName = Release;
		};
		40E53EFB1729F68F001664EC /* Build configuration list for PBXNativeTarget "KissXMLTests" */ = {
			isa = XCConfigurationList;
			buildConfigurations = (
				40E53EFC1729F68F001664EC /* Debug */,
				40E53EFD1729F68F001664EC /* Release */,
			);
			defaultConfigurationIsVisible = 0;
			defaultConfigurationName = Release;
		};
/* End XCConfigurationList section */
	};
	rootObject = 40E53ECB1729F68F001664EC /* Project object */;
}
