// !$*UTF8*$!
{
	archiveVersion = 1;
	classes = {
	};
	objectVersion = 46;
	objects = {

/* Begin PBXBuildFile section */
		50317D3B14C494C800F23C04 /* Cocoa.framework in Frameworks */ = {isa = PBXBuildFile; fileRef = 50317D3A14C494C800F23C04 /* Cocoa.framework */; };
		50317D4D14C494C800F23C04 /* SenTestingKit.framework in Frameworks */ = {isa = PBXBuildFile; fileRef = 50317D4C14C494C800F23C04 /* SenTestingKit.framework */; };
		50317D4E14C494C800F23C04 /* Cocoa.framework in Frameworks */ = {isa = PBXBuildFile; fileRef = 50317D3A14C494C800F23C04 /* Cocoa.framework */; };
		50317D5114C494C800F23C04 /* RTFKit.dylib in Frameworks */ = {isa = PBXBuildFile; fileRef = 50317D3714C494C800F23C04 /* RTFKit.dylib */; };
		50317D6B14C4951D00F23C04 /* RTFKit-Prefix.pch in Headers */ = {isa = PBXBuildFile; fileRef = 50317D6814C4951C00F23C04 /* RTFKit-Prefix.pch */; };
		50317D6C14C4951D00F23C04 /* RTFKit.h in Headers */ = {isa = PBXBuildFile; fileRef = 50317D6914C4951C00F23C04 /* RTFKit.h */; };
		797DA1CA14C97E05000DDAF3 /* RKSectionTest.m in Sources */ = {isa = PBXBuildFile; fileRef = 797DA1C914C97E05000DDAF3 /* RKSectionTest.m */; };
		7987903514D1BC5D0046F8AB /* RKAttributedStringWriter.h in Headers */ = {isa = PBXBuildFile; fileRef = 7987903314D1BC5C0046F8AB /* RKAttributedStringWriter.h */; };
		7987903614D1BC5D0046F8AB /* RKAttributedStringWriter.m in Sources */ = {isa = PBXBuildFile; fileRef = 7987903414D1BC5D0046F8AB /* RKAttributedStringWriter.m */; };
		7987903A14D1BCE40046F8AB /* RKAttributedStringWriterTest.m in Sources */ = {isa = PBXBuildFile; fileRef = 7987903914D1BCE40046F8AB /* RKAttributedStringWriterTest.m */; };
		7987904F14D2E0320046F8AB /* RKTaggedString+TestExtensions.m in Sources */ = {isa = PBXBuildFile; fileRef = 7987904E14D2E0310046F8AB /* RKTaggedString+TestExtensions.m */; };
		7987906E14D2FAFB0046F8AB /* RKFontStyleWriter.h in Headers */ = {isa = PBXBuildFile; fileRef = 7987906614D2FAFB0046F8AB /* RKFontStyleWriter.h */; };
		7987906F14D2FAFB0046F8AB /* RKFontStyleWriter.m in Sources */ = {isa = PBXBuildFile; fileRef = 7987906714D2FAFB0046F8AB /* RKFontStyleWriter.m */; };
		7987907014D2FAFB0046F8AB /* RKFontStyleWriter.m in Sources */ = {isa = PBXBuildFile; fileRef = 7987906714D2FAFB0046F8AB /* RKFontStyleWriter.m */; };
		7987907114D2FAFB0046F8AB /* RKLinkWriter.h in Headers */ = {isa = PBXBuildFile; fileRef = 7987906814D2FAFB0046F8AB /* RKLinkWriter.h */; };
		7987907214D2FAFB0046F8AB /* RKLinkWriter.m in Sources */ = {isa = PBXBuildFile; fileRef = 7987906914D2FAFB0046F8AB /* RKLinkWriter.m */; };
		7987907314D2FAFB0046F8AB /* RKLinkWriter.m in Sources */ = {isa = PBXBuildFile; fileRef = 7987906914D2FAFB0046F8AB /* RKLinkWriter.m */; };
		7987907414D2FAFB0046F8AB /* RKParagraphStyleWriter.h in Headers */ = {isa = PBXBuildFile; fileRef = 7987906A14D2FAFB0046F8AB /* RKParagraphStyleWriter.h */; };
		7987907514D2FAFC0046F8AB /* RKParagraphStyleWriter.m in Sources */ = {isa = PBXBuildFile; fileRef = 7987906B14D2FAFB0046F8AB /* RKParagraphStyleWriter.m */; };
		7987907614D2FAFC0046F8AB /* RKParagraphStyleWriter.m in Sources */ = {isa = PBXBuildFile; fileRef = 7987906B14D2FAFB0046F8AB /* RKParagraphStyleWriter.m */; };
		7987907714D2FAFC0046F8AB /* RKTextAttachmentWriter.h in Headers */ = {isa = PBXBuildFile; fileRef = 7987906C14D2FAFB0046F8AB /* RKTextAttachmentWriter.h */; };
		7987907814D2FAFC0046F8AB /* RKTextAttachmentWriter.m in Sources */ = {isa = PBXBuildFile; fileRef = 7987906D14D2FAFB0046F8AB /* RKTextAttachmentWriter.m */; };
		7987907914D2FAFC0046F8AB /* RKTextAttachmentWriter.m in Sources */ = {isa = PBXBuildFile; fileRef = 7987906D14D2FAFB0046F8AB /* RKTextAttachmentWriter.m */; };
		7987908014D2FB060046F8AB /* RKConversion.h in Headers */ = {isa = PBXBuildFile; fileRef = 7987907A14D2FB060046F8AB /* RKConversion.h */; };
		7987908114D2FB060046F8AB /* RKConversion.m in Sources */ = {isa = PBXBuildFile; fileRef = 7987907B14D2FB060046F8AB /* RKConversion.m */; };
		7987908214D2FB060046F8AB /* RKConversion.m in Sources */ = {isa = PBXBuildFile; fileRef = 7987907B14D2FB060046F8AB /* RKConversion.m */; };
		7987908314D2FB060046F8AB /* RKResourcePool.h in Headers */ = {isa = PBXBuildFile; fileRef = 7987907C14D2FB060046F8AB /* RKResourcePool.h */; };
		7987908414D2FB060046F8AB /* RKResourcePool.m in Sources */ = {isa = PBXBuildFile; fileRef = 7987907D14D2FB060046F8AB /* RKResourcePool.m */; };
		7987908514D2FB060046F8AB /* RKResourcePool.m in Sources */ = {isa = PBXBuildFile; fileRef = 7987907D14D2FB060046F8AB /* RKResourcePool.m */; };
		7987908614D2FB060046F8AB /* RKTaggedString.h in Headers */ = {isa = PBXBuildFile; fileRef = 7987907E14D2FB060046F8AB /* RKTaggedString.h */; };
		7987908714D2FB060046F8AB /* RKTaggedString.m in Sources */ = {isa = PBXBuildFile; fileRef = 7987907F14D2FB060046F8AB /* RKTaggedString.m */; };
		7987908814D2FB060046F8AB /* RKTaggedString.m in Sources */ = {isa = PBXBuildFile; fileRef = 7987907F14D2FB060046F8AB /* RKTaggedString.m */; };
		7987909114D2FB470046F8AB /* RKConversionTest.m in Sources */ = {isa = PBXBuildFile; fileRef = 7987908C14D2FB470046F8AB /* RKConversionTest.m */; };
		7987909214D2FB470046F8AB /* RKResourcePoolTest.m in Sources */ = {isa = PBXBuildFile; fileRef = 7987908E14D2FB470046F8AB /* RKResourcePoolTest.m */; };
		7987909314D2FB470046F8AB /* RKTaggedStringTest.m in Sources */ = {isa = PBXBuildFile; fileRef = 7987909014D2FB470046F8AB /* RKTaggedStringTest.m */; };
		79A3597D14D00AB70076A5F7 /* RKWriterTest.m in Sources */ = {isa = PBXBuildFile; fileRef = 79A3597B14D00AB70076A5F7 /* RKWriterTest.m */; };
		79A3597F14D024A80076A5F7 /* Test Data in Resources */ = {isa = PBXBuildFile; fileRef = 79A3597E14D024A80076A5F7 /* Test Data */; };
		79A3598214D0418C0076A5F7 /* RKHeaderWriter.h in Headers */ = {isa = PBXBuildFile; fileRef = 79A3598014D0418C0076A5F7 /* RKHeaderWriter.h */; };
		79A3598314D0418C0076A5F7 /* RKHeaderWriter.m in Sources */ = {isa = PBXBuildFile; fileRef = 79A3598114D0418C0076A5F7 /* RKHeaderWriter.m */; };
		79A3598414D0418C0076A5F7 /* RKHeaderWriter.m in Sources */ = {isa = PBXBuildFile; fileRef = 79A3598114D0418C0076A5F7 /* RKHeaderWriter.m */; };
		79A3598914D041A20076A5F7 /* RKHeaderWriterTest.m in Sources */ = {isa = PBXBuildFile; fileRef = 79A3598614D041A20076A5F7 /* RKHeaderWriterTest.m */; };
		79A3598C14D0424E0076A5F7 /* RKBodyWriter.h in Headers */ = {isa = PBXBuildFile; fileRef = 79A3598A14D0424E0076A5F7 /* RKBodyWriter.h */; };
		79A3598D14D0424E0076A5F7 /* RKBodyWriter.m in Sources */ = {isa = PBXBuildFile; fileRef = 79A3598B14D0424E0076A5F7 /* RKBodyWriter.m */; };
		79A359A014D17B9D0076A5F7 /* RKBodyWriterTest.m in Sources */ = {isa = PBXBuildFile; fileRef = 79A3599D14D17B970076A5F7 /* RKBodyWriterTest.m */; };
		79A359A714D1A4B70076A5F7 /* RKSectionWriter.h in Headers */ = {isa = PBXBuildFile; fileRef = 79A359A514D1A4B60076A5F7 /* RKSectionWriter.h */; };
		79A359A814D1A4B70076A5F7 /* RKSectionWriter.m in Sources */ = {isa = PBXBuildFile; fileRef = 79A359A614D1A4B60076A5F7 /* RKSectionWriter.m */; };
		79A359A914D1A4B70076A5F7 /* RKSectionWriter.m in Sources */ = {isa = PBXBuildFile; fileRef = 79A359A614D1A4B60076A5F7 /* RKSectionWriter.m */; };
		79A359AC14D1A4CD0076A5F7 /* RKSectionWriterTest.m in Sources */ = {isa = PBXBuildFile; fileRef = 79A359AB14D1A4CC0076A5F7 /* RKSectionWriterTest.m */; };
		79F673AE14C84A9E005D03FA /* RKDocument.h in Headers */ = {isa = PBXBuildFile; fileRef = 79F673AC14C84A9E005D03FA /* RKDocument.h */; };
		79F673AF14C84A9E005D03FA /* RKDocument.m in Sources */ = {isa = PBXBuildFile; fileRef = 79F673AD14C84A9E005D03FA /* RKDocument.m */; };
		79F673B014C84A9E005D03FA /* RKDocument.m in Sources */ = {isa = PBXBuildFile; fileRef = 79F673AD14C84A9E005D03FA /* RKDocument.m */; };
		79F673B514C84ACC005D03FA /* RKDocumentTest.m in Sources */ = {isa = PBXBuildFile; fileRef = 79F673B414C84ACC005D03FA /* RKDocumentTest.m */; };
		79F673B814C84AE0005D03FA /* RKSection.h in Headers */ = {isa = PBXBuildFile; fileRef = 79F673B614C84AE0005D03FA /* RKSection.h */; };
		79F673B914C84AE0005D03FA /* RKSection.m in Sources */ = {isa = PBXBuildFile; fileRef = 79F673B714C84AE0005D03FA /* RKSection.m */; };
		79F673BA14C84AE0005D03FA /* RKSection.m in Sources */ = {isa = PBXBuildFile; fileRef = 79F673B714C84AE0005D03FA /* RKSection.m */; };
		79F673CC14C875BB005D03FA /* RKTypes.h in Headers */ = {isa = PBXBuildFile; fileRef = 79F673CB14C875BA005D03FA /* RKTypes.h */; };
		79F673CF14C883EB005D03FA /* RKWriter.h in Headers */ = {isa = PBXBuildFile; fileRef = 79F673CD14C883EB005D03FA /* RKWriter.h */; };
		79F673D014C883EB005D03FA /* RKWriter.m in Sources */ = {isa = PBXBuildFile; fileRef = 79F673CE14C883EB005D03FA /* RKWriter.m */; };
		79F673D114C883EB005D03FA /* RKWriter.m in Sources */ = {isa = PBXBuildFile; fileRef = 79F673CE14C883EB005D03FA /* RKWriter.m */; };
/* End PBXBuildFile section */

/* Begin PBXContainerItemProxy section */
		50317D4F14C494C800F23C04 /* PBXContainerItemProxy */ = {
			isa = PBXContainerItemProxy;
			containerPortal = 50317D2E14C494C800F23C04 /* Project object */;
			proxyType = 1;
			remoteGlobalIDString = 50317D3614C494C800F23C04;
			remoteInfo = RTFKit;
		};
/* End PBXContainerItemProxy section */

/* Begin PBXFileReference section */
		50317D3714C494C800F23C04 /* RTFKit.dylib */ = {isa = PBXFileReference; explicitFileType = "compiled.mach-o.dylib"; includeInIndex = 0; path = RTFKit.dylib; sourceTree = BUILT_PRODUCTS_DIR; };
		50317D3A14C494C800F23C04 /* Cocoa.framework */ = {isa = PBXFileReference; lastKnownFileType = wrapper.framework; name = Cocoa.framework; path = System/Library/Frameworks/Cocoa.framework; sourceTree = SDKROOT; };
		50317D3D14C494C800F23C04 /* AppKit.framework */ = {isa = PBXFileReference; lastKnownFileType = wrapper.framework; name = AppKit.framework; path = System/Library/Frameworks/AppKit.framework; sourceTree = SDKROOT; };
		50317D3E14C494C800F23C04 /* CoreData.framework */ = {isa = PBXFileReference; lastKnownFileType = wrapper.framework; name = CoreData.framework; path = System/Library/Frameworks/CoreData.framework; sourceTree = SDKROOT; };
		50317D3F14C494C800F23C04 /* Foundation.framework */ = {isa = PBXFileReference; lastKnownFileType = wrapper.framework; name = Foundation.framework; path = System/Library/Frameworks/Foundation.framework; sourceTree = SDKROOT; };
		50317D4B14C494C800F23C04 /* RTFKitTests.octest */ = {isa = PBXFileReference; explicitFileType = wrapper.cfbundle; includeInIndex = 0; path = RTFKitTests.octest; sourceTree = BUILT_PRODUCTS_DIR; };
		50317D4C14C494C800F23C04 /* SenTestingKit.framework */ = {isa = PBXFileReference; lastKnownFileType = wrapper.framework; name = SenTestingKit.framework; path = Library/Frameworks/SenTestingKit.framework; sourceTree = DEVELOPER_DIR; };
		50317D6814C4951C00F23C04 /* RTFKit-Prefix.pch */ = {isa = PBXFileReference; fileEncoding = 4; lastKnownFileType = sourcecode.c.h; path = "RTFKit-Prefix.pch"; sourceTree = "<group>"; };
		50317D6914C4951C00F23C04 /* RTFKit.h */ = {isa = PBXFileReference; fileEncoding = 4; lastKnownFileType = sourcecode.c.h; path = RTFKit.h; sourceTree = "<group>"; };
		50317D7014C4953800F23C04 /* RTFKitTests-Info.plist */ = {isa = PBXFileReference; fileEncoding = 4; lastKnownFileType = text.plist.xml; path = "RTFKitTests-Info.plist"; sourceTree = "<group>"; };
		50317D7B14C4962900F23C04 /* RTFKitTests-Prefix.pch */ = {isa = PBXFileReference; lastKnownFileType = sourcecode.c.h; path = "RTFKitTests-Prefix.pch"; sourceTree = "<group>"; };
		797DA1C814C97E05000DDAF3 /* RKSectionTest.h */ = {isa = PBXFileReference; fileEncoding = 4; lastKnownFileType = sourcecode.c.h; name = RKSectionTest.h; path = Document/RKSectionTest.h; sourceTree = "<group>"; };
		797DA1C914C97E05000DDAF3 /* RKSectionTest.m */ = {isa = PBXFileReference; fileEncoding = 4; lastKnownFileType = sourcecode.c.objc; name = RKSectionTest.m; path = Document/RKSectionTest.m; sourceTree = "<group>"; };
		7987903314D1BC5C0046F8AB /* RKAttributedStringWriter.h */ = {isa = PBXFileReference; fileEncoding = 4; lastKnownFileType = sourcecode.c.h; name = RKAttributedStringWriter.h; path = Export/RKAttributedStringWriter.h; sourceTree = "<group>"; };
		7987903414D1BC5D0046F8AB /* RKAttributedStringWriter.m */ = {isa = PBXFileReference; fileEncoding = 4; lastKnownFileType = sourcecode.c.objc; name = RKAttributedStringWriter.m; path = Export/RKAttributedStringWriter.m; sourceTree = "<group>"; };
		7987903814D1BCE40046F8AB /* RKAttributedStringWriterTest.h */ = {isa = PBXFileReference; fileEncoding = 4; lastKnownFileType = sourcecode.c.h; name = RKAttributedStringWriterTest.h; path = Export/RKAttributedStringWriterTest.h; sourceTree = "<group>"; };
		7987903914D1BCE40046F8AB /* RKAttributedStringWriterTest.m */ = {isa = PBXFileReference; fileEncoding = 4; lastKnownFileType = sourcecode.c.objc; name = RKAttributedStringWriterTest.m; path = Export/RKAttributedStringWriterTest.m; sourceTree = "<group>"; };
		7987903B14D1C1920046F8AB /* RKSectionWriter+TestExtensions.h */ = {isa = PBXFileReference; fileEncoding = 4; lastKnownFileType = sourcecode.c.h; name = "RKSectionWriter+TestExtensions.h"; path = "Utils/RKSectionWriter+TestExtensions.h"; sourceTree = "<group>"; };
		7987903D14D2BD220046F8AB /* RKAttributedStringWriter+TextExtensions.h */ = {isa = PBXFileReference; fileEncoding = 4; lastKnownFileType = sourcecode.c.h; name = "RKAttributedStringWriter+TextExtensions.h"; path = "Utils/RKAttributedStringWriter+TextExtensions.h"; sourceTree = "<group>"; };
		7987904D14D2DF7E0046F8AB /* RKTaggedString+TestExtensions.h */ = {isa = PBXFileReference; fileEncoding = 4; lastKnownFileType = sourcecode.c.h; name = "RKTaggedString+TestExtensions.h"; path = "Utils/RKTaggedString+TestExtensions.h"; sourceTree = "<group>"; };
		7987904E14D2E0310046F8AB /* RKTaggedString+TestExtensions.m */ = {isa = PBXFileReference; fileEncoding = 4; lastKnownFileType = sourcecode.c.objc; name = "RKTaggedString+TestExtensions.m"; path = "Utils/RKTaggedString+TestExtensions.m"; sourceTree = "<group>"; };
		7987906614D2FAFB0046F8AB /* RKFontStyleWriter.h */ = {isa = PBXFileReference; fileEncoding = 4; lastKnownFileType = sourcecode.c.h; name = RKFontStyleWriter.h; path = "Export/Attribute Exporters/RKFontStyleWriter.h"; sourceTree = "<group>"; };
		7987906714D2FAFB0046F8AB /* RKFontStyleWriter.m */ = {isa = PBXFileReference; fileEncoding = 4; lastKnownFileType = sourcecode.c.objc; name = RKFontStyleWriter.m; path = "Export/Attribute Exporters/RKFontStyleWriter.m"; sourceTree = "<group>"; };
		7987906814D2FAFB0046F8AB /* RKLinkWriter.h */ = {isa = PBXFileReference; fileEncoding = 4; lastKnownFileType = sourcecode.c.h; name = RKLinkWriter.h; path = "Export/Attribute Exporters/RKLinkWriter.h"; sourceTree = "<group>"; };
		7987906914D2FAFB0046F8AB /* RKLinkWriter.m */ = {isa = PBXFileReference; fileEncoding = 4; lastKnownFileType = sourcecode.c.objc; name = RKLinkWriter.m; path = "Export/Attribute Exporters/RKLinkWriter.m"; sourceTree = "<group>"; };
		7987906A14D2FAFB0046F8AB /* RKParagraphStyleWriter.h */ = {isa = PBXFileReference; fileEncoding = 4; lastKnownFileType = sourcecode.c.h; name = RKParagraphStyleWriter.h; path = "Export/Attribute Exporters/RKParagraphStyleWriter.h"; sourceTree = "<group>"; };
		7987906B14D2FAFB0046F8AB /* RKParagraphStyleWriter.m */ = {isa = PBXFileReference; fileEncoding = 4; lastKnownFileType = sourcecode.c.objc; name = RKParagraphStyleWriter.m; path = "Export/Attribute Exporters/RKParagraphStyleWriter.m"; sourceTree = "<group>"; };
		7987906C14D2FAFB0046F8AB /* RKTextAttachmentWriter.h */ = {isa = PBXFileReference; fileEncoding = 4; lastKnownFileType = sourcecode.c.h; name = RKTextAttachmentWriter.h; path = "Export/Attribute Exporters/RKTextAttachmentWriter.h"; sourceTree = "<group>"; };
		7987906D14D2FAFB0046F8AB /* RKTextAttachmentWriter.m */ = {isa = PBXFileReference; fileEncoding = 4; lastKnownFileType = sourcecode.c.objc; name = RKTextAttachmentWriter.m; path = "Export/Attribute Exporters/RKTextAttachmentWriter.m"; sourceTree = "<group>"; };
		7987907A14D2FB060046F8AB /* RKConversion.h */ = {isa = PBXFileReference; fileEncoding = 4; lastKnownFileType = sourcecode.c.h; name = RKConversion.h; path = Export/Utils/RKConversion.h; sourceTree = "<group>"; };
		7987907B14D2FB060046F8AB /* RKConversion.m */ = {isa = PBXFileReference; fileEncoding = 4; lastKnownFileType = sourcecode.c.objc; name = RKConversion.m; path = Export/Utils/RKConversion.m; sourceTree = "<group>"; };
		7987907C14D2FB060046F8AB /* RKResourcePool.h */ = {isa = PBXFileReference; fileEncoding = 4; lastKnownFileType = sourcecode.c.h; name = RKResourcePool.h; path = Export/Utils/RKResourcePool.h; sourceTree = "<group>"; };
		7987907D14D2FB060046F8AB /* RKResourcePool.m */ = {isa = PBXFileReference; fileEncoding = 4; lastKnownFileType = sourcecode.c.objc; name = RKResourcePool.m; path = Export/Utils/RKResourcePool.m; sourceTree = "<group>"; };
		7987907E14D2FB060046F8AB /* RKTaggedString.h */ = {isa = PBXFileReference; fileEncoding = 4; lastKnownFileType = sourcecode.c.h; name = RKTaggedString.h; path = Export/Utils/RKTaggedString.h; sourceTree = "<group>"; };
		7987907F14D2FB060046F8AB /* RKTaggedString.m */ = {isa = PBXFileReference; fileEncoding = 4; lastKnownFileType = sourcecode.c.objc; name = RKTaggedString.m; path = Export/Utils/RKTaggedString.m; sourceTree = "<group>"; };
		7987908B14D2FB470046F8AB /* RKConversionTest.h */ = {isa = PBXFileReference; fileEncoding = 4; lastKnownFileType = sourcecode.c.h; name = RKConversionTest.h; path = Export/Utils/RKConversionTest.h; sourceTree = "<group>"; };
		7987908C14D2FB470046F8AB /* RKConversionTest.m */ = {isa = PBXFileReference; fileEncoding = 4; lastKnownFileType = sourcecode.c.objc; name = RKConversionTest.m; path = Export/Utils/RKConversionTest.m; sourceTree = "<group>"; };
		7987908D14D2FB470046F8AB /* RKResourcePoolTest.h */ = {isa = PBXFileReference; fileEncoding = 4; lastKnownFileType = sourcecode.c.h; name = RKResourcePoolTest.h; path = Export/Utils/RKResourcePoolTest.h; sourceTree = "<group>"; };
		7987908E14D2FB470046F8AB /* RKResourcePoolTest.m */ = {isa = PBXFileReference; fileEncoding = 4; lastKnownFileType = sourcecode.c.objc; name = RKResourcePoolTest.m; path = Export/Utils/RKResourcePoolTest.m; sourceTree = "<group>"; };
		7987908F14D2FB470046F8AB /* RKTaggedStringTest.h */ = {isa = PBXFileReference; fileEncoding = 4; lastKnownFileType = sourcecode.c.h; name = RKTaggedStringTest.h; path = Export/Utils/RKTaggedStringTest.h; sourceTree = "<group>"; };
		7987909014D2FB470046F8AB /* RKTaggedStringTest.m */ = {isa = PBXFileReference; fileEncoding = 4; lastKnownFileType = sourcecode.c.objc; name = RKTaggedStringTest.m; path = Export/Utils/RKTaggedStringTest.m; sourceTree = "<group>"; };
		79A3597A14D00AB70076A5F7 /* RKWriterTest.h */ = {isa = PBXFileReference; fileEncoding = 4; lastKnownFileType = sourcecode.c.h; name = RKWriterTest.h; path = Export/RKWriterTest.h; sourceTree = "<group>"; };
		79A3597B14D00AB70076A5F7 /* RKWriterTest.m */ = {isa = PBXFileReference; fileEncoding = 4; lastKnownFileType = sourcecode.c.objc; name = RKWriterTest.m; path = Export/RKWriterTest.m; sourceTree = "<group>"; };
		79A3597E14D024A80076A5F7 /* Test Data */ = {isa = PBXFileReference; lastKnownFileType = folder; path = "Test Data"; sourceTree = "<group>"; };
		79A3598014D0418C0076A5F7 /* RKHeaderWriter.h */ = {isa = PBXFileReference; fileEncoding = 4; lastKnownFileType = sourcecode.c.h; name = RKHeaderWriter.h; path = Export/RKHeaderWriter.h; sourceTree = "<group>"; };
		79A3598114D0418C0076A5F7 /* RKHeaderWriter.m */ = {isa = PBXFileReference; fileEncoding = 4; lastKnownFileType = sourcecode.c.objc; name = RKHeaderWriter.m; path = Export/RKHeaderWriter.m; sourceTree = "<group>"; };
		79A3598514D041A10076A5F7 /* RKHeaderWriterTest.h */ = {isa = PBXFileReference; fileEncoding = 4; lastKnownFileType = sourcecode.c.h; name = RKHeaderWriterTest.h; path = Export/RKHeaderWriterTest.h; sourceTree = "<group>"; };
		79A3598614D041A20076A5F7 /* RKHeaderWriterTest.m */ = {isa = PBXFileReference; fileEncoding = 4; lastKnownFileType = sourcecode.c.objc; name = RKHeaderWriterTest.m; path = Export/RKHeaderWriterTest.m; sourceTree = "<group>"; };
		79A3598A14D0424E0076A5F7 /* RKBodyWriter.h */ = {isa = PBXFileReference; fileEncoding = 4; lastKnownFileType = sourcecode.c.h; name = RKBodyWriter.h; path = Export/RKBodyWriter.h; sourceTree = "<group>"; };
		79A3598B14D0424E0076A5F7 /* RKBodyWriter.m */ = {isa = PBXFileReference; fileEncoding = 4; lastKnownFileType = sourcecode.c.objc; name = RKBodyWriter.m; path = Export/RKBodyWriter.m; sourceTree = "<group>"; };
		79A3599C14D17B970076A5F7 /* RKBodyWriterTest.h */ = {isa = PBXFileReference; fileEncoding = 4; lastKnownFileType = sourcecode.c.h; name = RKBodyWriterTest.h; path = Export/RKBodyWriterTest.h; sourceTree = "<group>"; };
		79A3599D14D17B970076A5F7 /* RKBodyWriterTest.m */ = {isa = PBXFileReference; fileEncoding = 4; lastKnownFileType = sourcecode.c.objc; name = RKBodyWriterTest.m; path = Export/RKBodyWriterTest.m; sourceTree = "<group>"; };
		79A359A314D1A3650076A5F7 /* RKSection+TestExtensions.h */ = {isa = PBXFileReference; fileEncoding = 4; lastKnownFileType = sourcecode.c.h; name = "RKSection+TestExtensions.h"; path = "Utils/RKSection+TestExtensions.h"; sourceTree = "<group>"; };
		79A359A414D1A38C0076A5F7 /* RKHeaderWriter+TestExtensions.h */ = {isa = PBXFileReference; fileEncoding = 4; lastKnownFileType = sourcecode.c.h; name = "RKHeaderWriter+TestExtensions.h"; path = "Utils/RKHeaderWriter+TestExtensions.h"; sourceTree = "<group>"; };
		79A359A514D1A4B60076A5F7 /* RKSectionWriter.h */ = {isa = PBXFileReference; fileEncoding = 4; lastKnownFileType = sourcecode.c.h; name = RKSectionWriter.h; path = Export/RKSectionWriter.h; sourceTree = "<group>"; };
		79A359A614D1A4B60076A5F7 /* RKSectionWriter.m */ = {isa = PBXFileReference; fileEncoding = 4; lastKnownFileType = sourcecode.c.objc; name = RKSectionWriter.m; path = Export/RKSectionWriter.m; sourceTree = "<group>"; };
		79A359AA14D1A4CB0076A5F7 /* RKSectionWriterTest.h */ = {isa = PBXFileReference; fileEncoding = 4; lastKnownFileType = sourcecode.c.h; name = RKSectionWriterTest.h; path = Export/RKSectionWriterTest.h; sourceTree = "<group>"; };
		79A359AB14D1A4CC0076A5F7 /* RKSectionWriterTest.m */ = {isa = PBXFileReference; fileEncoding = 4; lastKnownFileType = sourcecode.c.objc; name = RKSectionWriterTest.m; path = Export/RKSectionWriterTest.m; sourceTree = "<group>"; };
		79F673AC14C84A9E005D03FA /* RKDocument.h */ = {isa = PBXFileReference; fileEncoding = 4; lastKnownFileType = sourcecode.c.h; name = RKDocument.h; path = Document/RKDocument.h; sourceTree = "<group>"; };
		79F673AD14C84A9E005D03FA /* RKDocument.m */ = {isa = PBXFileReference; fileEncoding = 4; lastKnownFileType = sourcecode.c.objc; name = RKDocument.m; path = Document/RKDocument.m; sourceTree = "<group>"; };
		79F673B314C84ACC005D03FA /* RKDocumentTest.h */ = {isa = PBXFileReference; fileEncoding = 4; lastKnownFileType = sourcecode.c.h; name = RKDocumentTest.h; path = Document/RKDocumentTest.h; sourceTree = "<group>"; };
		79F673B414C84ACC005D03FA /* RKDocumentTest.m */ = {isa = PBXFileReference; fileEncoding = 4; lastKnownFileType = sourcecode.c.objc; name = RKDocumentTest.m; path = Document/RKDocumentTest.m; sourceTree = "<group>"; };
		79F673B614C84AE0005D03FA /* RKSection.h */ = {isa = PBXFileReference; fileEncoding = 4; lastKnownFileType = sourcecode.c.h; name = RKSection.h; path = Document/RKSection.h; sourceTree = "<group>"; };
		79F673B714C84AE0005D03FA /* RKSection.m */ = {isa = PBXFileReference; fileEncoding = 4; lastKnownFileType = sourcecode.c.objc; name = RKSection.m; path = Document/RKSection.m; sourceTree = "<group>"; };
		79F673CB14C875BA005D03FA /* RKTypes.h */ = {isa = PBXFileReference; fileEncoding = 4; lastKnownFileType = sourcecode.c.h; path = RKTypes.h; sourceTree = "<group>"; };
		79F673CD14C883EB005D03FA /* RKWriter.h */ = {isa = PBXFileReference; fileEncoding = 4; lastKnownFileType = sourcecode.c.h; name = RKWriter.h; path = Export/RKWriter.h; sourceTree = "<group>"; };
		79F673CE14C883EB005D03FA /* RKWriter.m */ = {isa = PBXFileReference; fileEncoding = 4; lastKnownFileType = sourcecode.c.objc; name = RKWriter.m; path = Export/RKWriter.m; sourceTree = "<group>"; };
/* End PBXFileReference section */

/* Begin PBXFrameworksBuildPhase section */
		50317D3414C494C800F23C04 /* Frameworks */ = {
			isa = PBXFrameworksBuildPhase;
			buildActionMask = 2147483647;
			files = (
				50317D3B14C494C800F23C04 /* Cocoa.framework in Frameworks */,
			);
			runOnlyForDeploymentPostprocessing = 0;
		};
		50317D4714C494C800F23C04 /* Frameworks */ = {
			isa = PBXFrameworksBuildPhase;
			buildActionMask = 2147483647;
			files = (
				50317D4D14C494C800F23C04 /* SenTestingKit.framework in Frameworks */,
				50317D4E14C494C800F23C04 /* Cocoa.framework in Frameworks */,
				50317D5114C494C800F23C04 /* RTFKit.dylib in Frameworks */,
			);
			runOnlyForDeploymentPostprocessing = 0;
		};
/* End PBXFrameworksBuildPhase section */

/* Begin PBXGroup section */
		50317D2C14C494C800F23C04 = {
			isa = PBXGroup;
			children = (
				50317D6714C4951C00F23C04 /* Source */,
				50317D6F14C4953800F23C04 /* Tests */,
				50317D3914C494C800F23C04 /* Frameworks */,
				50317D3814C494C800F23C04 /* Products */,
			);
			sourceTree = "<group>";
		};
		50317D3814C494C800F23C04 /* Products */ = {
			isa = PBXGroup;
			children = (
				50317D3714C494C800F23C04 /* RTFKit.dylib */,
				50317D4B14C494C800F23C04 /* RTFKitTests.octest */,
			);
			name = Products;
			sourceTree = "<group>";
		};
		50317D3914C494C800F23C04 /* Frameworks */ = {
			isa = PBXGroup;
			children = (
				50317D3A14C494C800F23C04 /* Cocoa.framework */,
				50317D4C14C494C800F23C04 /* SenTestingKit.framework */,
				50317D3C14C494C800F23C04 /* Other Frameworks */,
			);
			name = Frameworks;
			sourceTree = "<group>";
		};
		50317D3C14C494C800F23C04 /* Other Frameworks */ = {
			isa = PBXGroup;
			children = (
				50317D3D14C494C800F23C04 /* AppKit.framework */,
				50317D3E14C494C800F23C04 /* CoreData.framework */,
				50317D3F14C494C800F23C04 /* Foundation.framework */,
			);
			name = "Other Frameworks";
			sourceTree = "<group>";
		};
		50317D6714C4951C00F23C04 /* Source */ = {
			isa = PBXGroup;
			children = (
				79F673CB14C875BA005D03FA /* RKTypes.h */,
				79F673AB14C84A65005D03FA /* Document */,
				79F673A914C84A5A005D03FA /* Export */,
				50317D6914C4951C00F23C04 /* RTFKit.h */,
				50317D6E14C4952300F23C04 /* Other */,
			);
			path = Source;
			sourceTree = "<group>";
		};
		50317D6E14C4952300F23C04 /* Other */ = {
			isa = PBXGroup;
			children = (
				50317D6814C4951C00F23C04 /* RTFKit-Prefix.pch */,
			);
			name = Other;
			sourceTree = "<group>";
		};
		50317D6F14C4953800F23C04 /* Tests */ = {
			isa = PBXGroup;
			children = (
				79F673B214C84AA9005D03FA /* Export */,
				79F673B114C84AA3005D03FA /* Document */,
				79A359A214D1A1D10076A5F7 /* Utils */,
				50317D7514C4954000F23C04 /* Other */,
			);
			path = Tests;
			sourceTree = "<group>";
		};
		50317D7514C4954000F23C04 /* Other */ = {
			isa = PBXGroup;
			children = (
				50317D7B14C4962900F23C04 /* RTFKitTests-Prefix.pch */,
				50317D7014C4953800F23C04 /* RTFKitTests-Info.plist */,
				79A3597E14D024A80076A5F7 /* Test Data */,
			);
			name = Other;
			sourceTree = "<group>";
		};
		7987906414D2FA6F0046F8AB /* Attribute Exporters */ = {
			isa = PBXGroup;
			children = (
				7987906614D2FAFB0046F8AB /* RKFontStyleWriter.h */,
				7987906714D2FAFB0046F8AB /* RKFontStyleWriter.m */,
				7987906814D2FAFB0046F8AB /* RKLinkWriter.h */,
				7987906914D2FAFB0046F8AB /* RKLinkWriter.m */,
				7987906A14D2FAFB0046F8AB /* RKParagraphStyleWriter.h */,
				7987906B14D2FAFB0046F8AB /* RKParagraphStyleWriter.m */,
				7987906C14D2FAFB0046F8AB /* RKTextAttachmentWriter.h */,
				7987906D14D2FAFB0046F8AB /* RKTextAttachmentWriter.m */,
			);
			name = "Attribute Exporters";
			sourceTree = "<group>";
		};
		7987906514D2FA920046F8AB /* Utils */ = {
			isa = PBXGroup;
			children = (
				7987907A14D2FB060046F8AB /* RKConversion.h */,
				7987907B14D2FB060046F8AB /* RKConversion.m */,
				7987907C14D2FB060046F8AB /* RKResourcePool.h */,
				7987907D14D2FB060046F8AB /* RKResourcePool.m */,
				7987907E14D2FB060046F8AB /* RKTaggedString.h */,
				7987907F14D2FB060046F8AB /* RKTaggedString.m */,
			);
			name = Utils;
			sourceTree = "<group>";
		};
		7987908914D2FB090046F8AB /* Utils */ = {
			isa = PBXGroup;
			children = (
				7987908B14D2FB470046F8AB /* RKConversionTest.h */,
				7987908C14D2FB470046F8AB /* RKConversionTest.m */,
				7987908D14D2FB470046F8AB /* RKResourcePoolTest.h */,
				7987908E14D2FB470046F8AB /* RKResourcePoolTest.m */,
				7987908F14D2FB470046F8AB /* RKTaggedStringTest.h */,
				7987909014D2FB470046F8AB /* RKTaggedStringTest.m */,
			);
			name = Utils;
			sourceTree = "<group>";
		};
		7987908A14D2FB130046F8AB /* Attribute Exporters */ = {
			isa = PBXGroup;
			children = (
			);
			name = "Attribute Exporters";
			sourceTree = "<group>";
		};
		79A359A214D1A1D10076A5F7 /* Utils */ = {
			isa = PBXGroup;
			children = (
				79A359A314D1A3650076A5F7 /* RKSection+TestExtensions.h */,
				79A359A414D1A38C0076A5F7 /* RKHeaderWriter+TestExtensions.h */,
				7987903B14D1C1920046F8AB /* RKSectionWriter+TestExtensions.h */,
				7987903D14D2BD220046F8AB /* RKAttributedStringWriter+TextExtensions.h */,
				7987904E14D2E0310046F8AB /* RKTaggedString+TestExtensions.m */,
				7987904D14D2DF7E0046F8AB /* RKTaggedString+TestExtensions.h */,
			);
			name = Utils;
			sourceTree = "<group>";
		};
		79F673A914C84A5A005D03FA /* Export */ = {
			isa = PBXGroup;
			children = (
				7987906414D2FA6F0046F8AB /* Attribute Exporters */,
				7987906514D2FA920046F8AB /* Utils */,
				79F673CD14C883EB005D03FA /* RKWriter.h */,
				79F673CE14C883EB005D03FA /* RKWriter.m */,
				79A3598014D0418C0076A5F7 /* RKHeaderWriter.h */,
				79A3598114D0418C0076A5F7 /* RKHeaderWriter.m */,
				79A3598A14D0424E0076A5F7 /* RKBodyWriter.h */,
				79A3598B14D0424E0076A5F7 /* RKBodyWriter.m */,
				79A359A514D1A4B60076A5F7 /* RKSectionWriter.h */,
				79A359A614D1A4B60076A5F7 /* RKSectionWriter.m */,
				7987903314D1BC5C0046F8AB /* RKAttributedStringWriter.h */,
				7987903414D1BC5D0046F8AB /* RKAttributedStringWriter.m */,
			);
			name = Export;
			sourceTree = "<group>";
		};
		79F673AB14C84A65005D03FA /* Document */ = {
			isa = PBXGroup;
			children = (
				79F673AC14C84A9E005D03FA /* RKDocument.h */,
				79F673AD14C84A9E005D03FA /* RKDocument.m */,
				79F673B614C84AE0005D03FA /* RKSection.h */,
				79F673B714C84AE0005D03FA /* RKSection.m */,
			);
			name = Document;
			sourceTree = "<group>";
		};
		79F673B114C84AA3005D03FA /* Document */ = {
			isa = PBXGroup;
			children = (
				79F673B314C84ACC005D03FA /* RKDocumentTest.h */,
				79F673B414C84ACC005D03FA /* RKDocumentTest.m */,
				797DA1C814C97E05000DDAF3 /* RKSectionTest.h */,
				797DA1C914C97E05000DDAF3 /* RKSectionTest.m */,
			);
			name = Document;
			sourceTree = "<group>";
		};
		79F673B214C84AA9005D03FA /* Export */ = {
			isa = PBXGroup;
			children = (
				7987908A14D2FB130046F8AB /* Attribute Exporters */,
				7987908914D2FB090046F8AB /* Utils */,
				79A3597A14D00AB70076A5F7 /* RKWriterTest.h */,
				79A3597B14D00AB70076A5F7 /* RKWriterTest.m */,
				79A3598514D041A10076A5F7 /* RKHeaderWriterTest.h */,
				79A3598614D041A20076A5F7 /* RKHeaderWriterTest.m */,
				79A3599C14D17B970076A5F7 /* RKBodyWriterTest.h */,
				79A3599D14D17B970076A5F7 /* RKBodyWriterTest.m */,
				79A359AA14D1A4CB0076A5F7 /* RKSectionWriterTest.h */,
				79A359AB14D1A4CC0076A5F7 /* RKSectionWriterTest.m */,
				7987903814D1BCE40046F8AB /* RKAttributedStringWriterTest.h */,
				7987903914D1BCE40046F8AB /* RKAttributedStringWriterTest.m */,
			);
			name = Export;
			sourceTree = "<group>";
		};
/* End PBXGroup section */

/* Begin PBXHeadersBuildPhase section */
		50317D3514C494C800F23C04 /* Headers */ = {
			isa = PBXHeadersBuildPhase;
			buildActionMask = 2147483647;
			files = (
				50317D6B14C4951D00F23C04 /* RTFKit-Prefix.pch in Headers */,
				50317D6C14C4951D00F23C04 /* RTFKit.h in Headers */,
				79F673AE14C84A9E005D03FA /* RKDocument.h in Headers */,
				79F673B814C84AE0005D03FA /* RKSection.h in Headers */,
				79F673CC14C875BB005D03FA /* RKTypes.h in Headers */,
				79F673CF14C883EB005D03FA /* RKWriter.h in Headers */,
				79A3598214D0418C0076A5F7 /* RKHeaderWriter.h in Headers */,
				79A3598C14D0424E0076A5F7 /* RKBodyWriter.h in Headers */,
				79A359A714D1A4B70076A5F7 /* RKSectionWriter.h in Headers */,
				7987903514D1BC5D0046F8AB /* RKAttributedStringWriter.h in Headers */,
				7987906E14D2FAFB0046F8AB /* RKFontStyleWriter.h in Headers */,
				7987907114D2FAFB0046F8AB /* RKLinkWriter.h in Headers */,
				7987907414D2FAFB0046F8AB /* RKParagraphStyleWriter.h in Headers */,
				7987907714D2FAFC0046F8AB /* RKTextAttachmentWriter.h in Headers */,
				7987908014D2FB060046F8AB /* RKConversion.h in Headers */,
				7987908314D2FB060046F8AB /* RKResourcePool.h in Headers */,
				7987908614D2FB060046F8AB /* RKTaggedString.h in Headers */,
			);
			runOnlyForDeploymentPostprocessing = 0;
		};
/* End PBXHeadersBuildPhase section */

/* Begin PBXNativeTarget section */
		50317D3614C494C800F23C04 /* RTFKit */ = {
			isa = PBXNativeTarget;
			buildConfigurationList = 50317D5D14C494C800F23C04 /* Build configuration list for PBXNativeTarget "RTFKit" */;
			buildPhases = (
				50317D3314C494C800F23C04 /* Sources */,
				50317D3414C494C800F23C04 /* Frameworks */,
				50317D3514C494C800F23C04 /* Headers */,
			);
			buildRules = (
			);
			dependencies = (
			);
			name = RTFKit;
			productName = RTFKit;
			productReference = 50317D3714C494C800F23C04 /* RTFKit.dylib */;
			productType = "com.apple.product-type.library.dynamic";
		};
		50317D4A14C494C800F23C04 /* RTFKitTests */ = {
			isa = PBXNativeTarget;
			buildConfigurationList = 50317D6014C494C800F23C04 /* Build configuration list for PBXNativeTarget "RTFKitTests" */;
			buildPhases = (
				50317D4614C494C800F23C04 /* Sources */,
				50317D4714C494C800F23C04 /* Frameworks */,
				50317D4814C494C800F23C04 /* Resources */,
				50317D4914C494C800F23C04 /* ShellScript */,
			);
			buildRules = (
			);
			dependencies = (
				50317D5014C494C800F23C04 /* PBXTargetDependency */,
			);
			name = RTFKitTests;
			productName = RTFKitTests;
			productReference = 50317D4B14C494C800F23C04 /* RTFKitTests.octest */;
			productType = "com.apple.product-type.bundle";
		};
/* End PBXNativeTarget section */

/* Begin PBXProject section */
		50317D2E14C494C800F23C04 /* Project object */ = {
			isa = PBXProject;
			attributes = {
				LastUpgradeCheck = 0420;
				ORGANIZATIONNAME = "The Soulmen";
			};
			buildConfigurationList = 50317D3114C494C800F23C04 /* Build configuration list for PBXProject "RTFKit" */;
			compatibilityVersion = "Xcode 3.2";
			developmentRegion = English;
			hasScannedForEncodings = 0;
			knownRegions = (
				en,
			);
			mainGroup = 50317D2C14C494C800F23C04;
			productRefGroup = 50317D3814C494C800F23C04 /* Products */;
			projectDirPath = "";
			projectRoot = "";
			targets = (
				50317D3614C494C800F23C04 /* RTFKit */,
				50317D4A14C494C800F23C04 /* RTFKitTests */,
			);
		};
/* End PBXProject section */

/* Begin PBXResourcesBuildPhase section */
		50317D4814C494C800F23C04 /* Resources */ = {
			isa = PBXResourcesBuildPhase;
			buildActionMask = 2147483647;
			files = (
				79A3597F14D024A80076A5F7 /* Test Data in Resources */,
			);
			runOnlyForDeploymentPostprocessing = 0;
		};
/* End PBXResourcesBuildPhase section */

/* Begin PBXShellScriptBuildPhase section */
		50317D4914C494C800F23C04 /* ShellScript */ = {
			isa = PBXShellScriptBuildPhase;
			buildActionMask = 2147483647;
			files = (
			);
			inputPaths = (
			);
			outputPaths = (
			);
			runOnlyForDeploymentPostprocessing = 0;
			shellPath = /bin/sh;
			shellScript = "# Run the unit tests in this test bundle.\n\"${SYSTEM_DEVELOPER_DIR}/Tools/RunUnitTests\"\n";
		};
/* End PBXShellScriptBuildPhase section */

/* Begin PBXSourcesBuildPhase section */
		50317D3314C494C800F23C04 /* Sources */ = {
			isa = PBXSourcesBuildPhase;
			buildActionMask = 2147483647;
			files = (
				79F673AF14C84A9E005D03FA /* RKDocument.m in Sources */,
				79F673B914C84AE0005D03FA /* RKSection.m in Sources */,
				79F673D014C883EB005D03FA /* RKWriter.m in Sources */,
				79A3598314D0418C0076A5F7 /* RKHeaderWriter.m in Sources */,
				79A3598D14D0424E0076A5F7 /* RKBodyWriter.m in Sources */,
				79A359A814D1A4B70076A5F7 /* RKSectionWriter.m in Sources */,
				7987903614D1BC5D0046F8AB /* RKAttributedStringWriter.m in Sources */,
				7987906F14D2FAFB0046F8AB /* RKFontStyleWriter.m in Sources */,
				7987907214D2FAFB0046F8AB /* RKLinkWriter.m in Sources */,
				7987907514D2FAFC0046F8AB /* RKParagraphStyleWriter.m in Sources */,
				7987907814D2FAFC0046F8AB /* RKTextAttachmentWriter.m in Sources */,
				7987908114D2FB060046F8AB /* RKConversion.m in Sources */,
				7987908414D2FB060046F8AB /* RKResourcePool.m in Sources */,
				7987908714D2FB060046F8AB /* RKTaggedString.m in Sources */,
			);
			runOnlyForDeploymentPostprocessing = 0;
		};
		50317D4614C494C800F23C04 /* Sources */ = {
			isa = PBXSourcesBuildPhase;
			buildActionMask = 2147483647;
			files = (
				79F673B014C84A9E005D03FA /* RKDocument.m in Sources */,
				79F673B514C84ACC005D03FA /* RKDocumentTest.m in Sources */,
				79F673BA14C84AE0005D03FA /* RKSection.m in Sources */,
				79F673D114C883EB005D03FA /* RKWriter.m in Sources */,
				797DA1CA14C97E05000DDAF3 /* RKSectionTest.m in Sources */,
				79A3597D14D00AB70076A5F7 /* RKWriterTest.m in Sources */,
				79A3598414D0418C0076A5F7 /* RKHeaderWriter.m in Sources */,
				79A3598914D041A20076A5F7 /* RKHeaderWriterTest.m in Sources */,
				79A359A014D17B9D0076A5F7 /* RKBodyWriterTest.m in Sources */,
				79A359A914D1A4B70076A5F7 /* RKSectionWriter.m in Sources */,
				79A359AC14D1A4CD0076A5F7 /* RKSectionWriterTest.m in Sources */,
				7987903A14D1BCE40046F8AB /* RKAttributedStringWriterTest.m in Sources */,
				7987904F14D2E0320046F8AB /* RKTaggedString+TestExtensions.m in Sources */,
				7987907014D2FAFB0046F8AB /* RKFontStyleWriter.m in Sources */,
				7987907314D2FAFB0046F8AB /* RKLinkWriter.m in Sources */,
				7987907614D2FAFC0046F8AB /* RKParagraphStyleWriter.m in Sources */,
				7987907914D2FAFC0046F8AB /* RKTextAttachmentWriter.m in Sources */,
				7987908214D2FB060046F8AB /* RKConversion.m in Sources */,
				7987908514D2FB060046F8AB /* RKResourcePool.m in Sources */,
				7987908814D2FB060046F8AB /* RKTaggedString.m in Sources */,
				7987909114D2FB470046F8AB /* RKConversionTest.m in Sources */,
				7987909214D2FB470046F8AB /* RKResourcePoolTest.m in Sources */,
				7987909314D2FB470046F8AB /* RKTaggedStringTest.m in Sources */,
			);
			runOnlyForDeploymentPostprocessing = 0;
		};
/* End PBXSourcesBuildPhase section */

/* Begin PBXTargetDependency section */
		50317D5014C494C800F23C04 /* PBXTargetDependency */ = {
			isa = PBXTargetDependency;
			target = 50317D3614C494C800F23C04 /* RTFKit */;
			targetProxy = 50317D4F14C494C800F23C04 /* PBXContainerItemProxy */;
		};
/* End PBXTargetDependency section */

/* Begin XCBuildConfiguration section */
		50317D5B14C494C800F23C04 /* Debug */ = {
			isa = XCBuildConfiguration;
			buildSettings = {
				ALWAYS_SEARCH_USER_PATHS = NO;
				ARCHS = "$(ARCHS_STANDARD_64_BIT)";
				CLANG_ENABLE_OBJC_ARC = YES;
				COPY_PHASE_STRIP = NO;
				DEBUG_INFORMATION_FORMAT = "dwarf-with-dsym";
				GCC_C_LANGUAGE_STANDARD = gnu99;
				GCC_DYNAMIC_NO_PIC = NO;
				GCC_ENABLE_OBJC_EXCEPTIONS = YES;
				GCC_OPTIMIZATION_LEVEL = 0;
				GCC_PREPROCESSOR_DEFINITIONS = (
					"DEBUG=1",
					"$(inherited)",
				);
				GCC_SYMBOLS_PRIVATE_EXTERN = NO;
				GCC_VERSION = com.apple.compilers.llvm.clang.1_0;
				GCC_WARN_64_TO_32_BIT_CONVERSION = YES;
				GCC_WARN_ABOUT_MISSING_PROTOTYPES = YES;
				GCC_WARN_ABOUT_RETURN_TYPE = YES;
				GCC_WARN_UNUSED_VARIABLE = YES;
				MACOSX_DEPLOYMENT_TARGET = 10.7;
				ONLY_ACTIVE_ARCH = YES;
				SDKROOT = macosx;
			};
			name = Debug;
		};
		50317D5C14C494C800F23C04 /* Release */ = {
			isa = XCBuildConfiguration;
			buildSettings = {
				ALWAYS_SEARCH_USER_PATHS = NO;
				ARCHS = "$(ARCHS_STANDARD_64_BIT)";
				CLANG_ENABLE_OBJC_ARC = YES;
				COPY_PHASE_STRIP = YES;
				DEBUG_INFORMATION_FORMAT = "dwarf-with-dsym";
				GCC_C_LANGUAGE_STANDARD = gnu99;
				GCC_ENABLE_OBJC_EXCEPTIONS = YES;
				GCC_VERSION = com.apple.compilers.llvm.clang.1_0;
				GCC_WARN_64_TO_32_BIT_CONVERSION = YES;
				GCC_WARN_ABOUT_MISSING_PROTOTYPES = YES;
				GCC_WARN_ABOUT_RETURN_TYPE = YES;
				GCC_WARN_UNUSED_VARIABLE = YES;
				MACOSX_DEPLOYMENT_TARGET = 10.7;
				SDKROOT = macosx;
			};
			name = Release;
		};
		50317D5E14C494C800F23C04 /* Debug */ = {
			isa = XCBuildConfiguration;
			buildSettings = {
				DYLIB_COMPATIBILITY_VERSION = 1;
				DYLIB_CURRENT_VERSION = 1;
				GCC_PRECOMPILE_PREFIX_HEADER = YES;
				GCC_PREFIX_HEADER = "Source/RTFKit-Prefix.pch";
				PRODUCT_NAME = "$(TARGET_NAME)";
			};
			name = Debug;
		};
		50317D5F14C494C800F23C04 /* Release */ = {
			isa = XCBuildConfiguration;
			buildSettings = {
				DYLIB_COMPATIBILITY_VERSION = 1;
				DYLIB_CURRENT_VERSION = 1;
				GCC_PRECOMPILE_PREFIX_HEADER = YES;
				GCC_PREFIX_HEADER = "Source/RTFKit-Prefix.pch";
				PRODUCT_NAME = "$(TARGET_NAME)";
			};
			name = Release;
		};
		50317D6114C494C800F23C04 /* Debug */ = {
			isa = XCBuildConfiguration;
			buildSettings = {
				FRAMEWORK_SEARCH_PATHS = "$(DEVELOPER_LIBRARY_DIR)/Frameworks";
				GCC_PRECOMPILE_PREFIX_HEADER = YES;
				GCC_PREFIX_HEADER = "Tests/RTFKitTests-Prefix.pch";
				INFOPLIST_FILE = "Tests/RTFKitTests-Info.plist";
				PRODUCT_NAME = "$(TARGET_NAME)";
				WRAPPER_EXTENSION = octest;
			};
			name = Debug;
		};
		50317D6214C494C800F23C04 /* Release */ = {
			isa = XCBuildConfiguration;
			buildSettings = {
				FRAMEWORK_SEARCH_PATHS = "$(DEVELOPER_LIBRARY_DIR)/Frameworks";
				GCC_PRECOMPILE_PREFIX_HEADER = YES;
				GCC_PREFIX_HEADER = "Tests/RTFKitTests-Prefix.pch";
				INFOPLIST_FILE = "Tests/RTFKitTests-Info.plist";
				PRODUCT_NAME = "$(TARGET_NAME)";
				WRAPPER_EXTENSION = octest;
			};
			name = Release;
		};
/* End XCBuildConfiguration section */

/* Begin XCConfigurationList section */
		50317D3114C494C800F23C04 /* Build configuration list for PBXProject "RTFKit" */ = {
			isa = XCConfigurationList;
			buildConfigurations = (
				50317D5B14C494C800F23C04 /* Debug */,
				50317D5C14C494C800F23C04 /* Release */,
			);
			defaultConfigurationIsVisible = 0;
			defaultConfigurationName = Release;
		};
		50317D5D14C494C800F23C04 /* Build configuration list for PBXNativeTarget "RTFKit" */ = {
			isa = XCConfigurationList;
			buildConfigurations = (
				50317D5E14C494C800F23C04 /* Debug */,
				50317D5F14C494C800F23C04 /* Release */,
			);
			defaultConfigurationIsVisible = 0;
			defaultConfigurationName = Release;
		};
		50317D6014C494C800F23C04 /* Build configuration list for PBXNativeTarget "RTFKitTests" */ = {
			isa = XCConfigurationList;
			buildConfigurations = (
				50317D6114C494C800F23C04 /* Debug */,
				50317D6214C494C800F23C04 /* Release */,
			);
			defaultConfigurationIsVisible = 0;
			defaultConfigurationName = Release;
		};
/* End XCConfigurationList section */
	};
	rootObject = 50317D2E14C494C800F23C04 /* Project object */;
}
