// !$*UTF8*$!
{
	archiveVersion = 1;
	classes = {
	};
	objectVersion = 46;
	objects = {

/* Begin PBXBuildFile section */
		50317D3B14C494C800F23C04 /* Cocoa.framework in Frameworks */ = {isa = PBXBuildFile; fileRef = 50317D3A14C494C800F23C04 /* Cocoa.framework */; };
		50317D4D14C494C800F23C04 /* SenTestingKit.framework in Frameworks */ = {isa = PBXBuildFile; fileRef = 50317D4C14C494C800F23C04 /* SenTestingKit.framework */; };
		50317D4E14C494C800F23C04 /* Cocoa.framework in Frameworks */ = {isa = PBXBuildFile; fileRef = 50317D3A14C494C800F23C04 /* Cocoa.framework */; };
		50317D5114C494C800F23C04 /* RTFKit.dylib in Frameworks */ = {isa = PBXBuildFile; fileRef = 50317D3714C494C800F23C04 /* RTFKit.dylib */; };
		50317D6B14C4951D00F23C04 /* RTFKit-Prefix.pch in Headers */ = {isa = PBXBuildFile; fileRef = 50317D6814C4951C00F23C04 /* RTFKit-Prefix.pch */; };
		50317D6C14C4951D00F23C04 /* RTFKit.h in Headers */ = {isa = PBXBuildFile; fileRef = 50317D6914C4951C00F23C04 /* RTFKit.h */; };
		796EAB3714D85383001E8401 /* RKFontAttributeWriter.h in Headers */ = {isa = PBXBuildFile; fileRef = 796EAB3514D85383001E8401 /* RKFontAttributeWriter.h */; };
		796EAB3814D85383001E8401 /* RKFontAttributeWriter.m in Sources */ = {isa = PBXBuildFile; fileRef = 796EAB3614D85383001E8401 /* RKFontAttributeWriter.m */; };
		796EAB3914D85383001E8401 /* RKFontAttributeWriter.m in Sources */ = {isa = PBXBuildFile; fileRef = 796EAB3614D85383001E8401 /* RKFontAttributeWriter.m */; };
		796EAB3C14D853AC001E8401 /* RKAttributeWriter.h in Headers */ = {isa = PBXBuildFile; fileRef = 796EAB3A14D853AB001E8401 /* RKAttributeWriter.h */; };
		796EAB3D14D853AC001E8401 /* RKAttributeWriter.m in Sources */ = {isa = PBXBuildFile; fileRef = 796EAB3B14D853AB001E8401 /* RKAttributeWriter.m */; };
		796EAB3E14D853AC001E8401 /* RKAttributeWriter.m in Sources */ = {isa = PBXBuildFile; fileRef = 796EAB3B14D853AB001E8401 /* RKAttributeWriter.m */; };
		796EAB4114D85442001E8401 /* RKBackgroundColorAttributeWriter.h in Headers */ = {isa = PBXBuildFile; fileRef = 796EAB3F14D85442001E8401 /* RKBackgroundColorAttributeWriter.h */; };
		796EAB4214D85442001E8401 /* RKBackgroundColorAttributeWriter.m in Sources */ = {isa = PBXBuildFile; fileRef = 796EAB4014D85442001E8401 /* RKBackgroundColorAttributeWriter.m */; };
		796EAB4314D85442001E8401 /* RKBackgroundColorAttributeWriter.m in Sources */ = {isa = PBXBuildFile; fileRef = 796EAB4014D85442001E8401 /* RKBackgroundColorAttributeWriter.m */; };
		796EAB4614D85454001E8401 /* RKForegroundColorAttributeWriter.h in Headers */ = {isa = PBXBuildFile; fileRef = 796EAB4414D85454001E8401 /* RKForegroundColorAttributeWriter.h */; };
		796EAB4714D85454001E8401 /* RKForegroundColorAttributeWriter.m in Sources */ = {isa = PBXBuildFile; fileRef = 796EAB4514D85454001E8401 /* RKForegroundColorAttributeWriter.m */; };
		796EAB4814D85454001E8401 /* RKForegroundColorAttributeWriter.m in Sources */ = {isa = PBXBuildFile; fileRef = 796EAB4514D85454001E8401 /* RKForegroundColorAttributeWriter.m */; };
		796EAB4B14D85468001E8401 /* RKUnderlineStyleAttributeWriter.h in Headers */ = {isa = PBXBuildFile; fileRef = 796EAB4914D85468001E8401 /* RKUnderlineStyleAttributeWriter.h */; };
		796EAB4C14D85468001E8401 /* RKUnderlineStyleAttributeWriter.m in Sources */ = {isa = PBXBuildFile; fileRef = 796EAB4A14D85468001E8401 /* RKUnderlineStyleAttributeWriter.m */; };
		796EAB4D14D85468001E8401 /* RKUnderlineStyleAttributeWriter.m in Sources */ = {isa = PBXBuildFile; fileRef = 796EAB4A14D85468001E8401 /* RKUnderlineStyleAttributeWriter.m */; };
		796EAB5014D85477001E8401 /* RKUnderlineColorAttributeWriter.h in Headers */ = {isa = PBXBuildFile; fileRef = 796EAB4E14D85476001E8401 /* RKUnderlineColorAttributeWriter.h */; };
		796EAB5114D85477001E8401 /* RKUnderlineColorAttributeWriter.m in Sources */ = {isa = PBXBuildFile; fileRef = 796EAB4F14D85477001E8401 /* RKUnderlineColorAttributeWriter.m */; };
		796EAB5214D85477001E8401 /* RKUnderlineColorAttributeWriter.m in Sources */ = {isa = PBXBuildFile; fileRef = 796EAB4F14D85477001E8401 /* RKUnderlineColorAttributeWriter.m */; };
		796EAB5514D85490001E8401 /* RKStrikethroughStyleAttributeWriter.h in Headers */ = {isa = PBXBuildFile; fileRef = 796EAB5314D85490001E8401 /* RKStrikethroughStyleAttributeWriter.h */; };
		796EAB5614D85490001E8401 /* RKStrikethroughStyleAttributeWriter.m in Sources */ = {isa = PBXBuildFile; fileRef = 796EAB5414D85490001E8401 /* RKStrikethroughStyleAttributeWriter.m */; };
		796EAB5714D85490001E8401 /* RKStrikethroughStyleAttributeWriter.m in Sources */ = {isa = PBXBuildFile; fileRef = 796EAB5414D85490001E8401 /* RKStrikethroughStyleAttributeWriter.m */; };
		796EAB5A14D8549F001E8401 /* RKStrikethroughColorAttributeWriter.h in Headers */ = {isa = PBXBuildFile; fileRef = 796EAB5814D8549F001E8401 /* RKStrikethroughColorAttributeWriter.h */; };
		796EAB5B14D8549F001E8401 /* RKStrikethroughColorAttributeWriter.m in Sources */ = {isa = PBXBuildFile; fileRef = 796EAB5914D8549F001E8401 /* RKStrikethroughColorAttributeWriter.m */; };
		796EAB5C14D8549F001E8401 /* RKStrikethroughColorAttributeWriter.m in Sources */ = {isa = PBXBuildFile; fileRef = 796EAB5914D8549F001E8401 /* RKStrikethroughColorAttributeWriter.m */; };
		796EAB5F14D854B5001E8401 /* RKStrokeWidthAttributeWriter.h in Headers */ = {isa = PBXBuildFile; fileRef = 796EAB5D14D854B5001E8401 /* RKStrokeWidthAttributeWriter.h */; };
		796EAB6014D854B5001E8401 /* RKStrokeWidthAttributeWriter.m in Sources */ = {isa = PBXBuildFile; fileRef = 796EAB5E14D854B5001E8401 /* RKStrokeWidthAttributeWriter.m */; };
		796EAB6114D854B5001E8401 /* RKStrokeWidthAttributeWriter.m in Sources */ = {isa = PBXBuildFile; fileRef = 796EAB5E14D854B5001E8401 /* RKStrokeWidthAttributeWriter.m */; };
		796EAB6414D854C7001E8401 /* RKStrokeColorAttributeWriter.h in Headers */ = {isa = PBXBuildFile; fileRef = 796EAB6214D854C7001E8401 /* RKStrokeColorAttributeWriter.h */; };
		796EAB6514D854C7001E8401 /* RKStrokeColorAttributeWriter.m in Sources */ = {isa = PBXBuildFile; fileRef = 796EAB6314D854C7001E8401 /* RKStrokeColorAttributeWriter.m */; };
		796EAB6614D854C7001E8401 /* RKStrokeColorAttributeWriter.m in Sources */ = {isa = PBXBuildFile; fileRef = 796EAB6314D854C7001E8401 /* RKStrokeColorAttributeWriter.m */; };
		796EAB6914D854D5001E8401 /* RKShadowAttributeWriter.h in Headers */ = {isa = PBXBuildFile; fileRef = 796EAB6714D854D4001E8401 /* RKShadowAttributeWriter.h */; };
		796EAB6A14D854D5001E8401 /* RKShadowAttributeWriter.m in Sources */ = {isa = PBXBuildFile; fileRef = 796EAB6814D854D4001E8401 /* RKShadowAttributeWriter.m */; };
		796EAB6B14D854D5001E8401 /* RKShadowAttributeWriter.m in Sources */ = {isa = PBXBuildFile; fileRef = 796EAB6814D854D4001E8401 /* RKShadowAttributeWriter.m */; };
		796EAB6E14D854E3001E8401 /* RKSuperscriptAttributeWriter.h in Headers */ = {isa = PBXBuildFile; fileRef = 796EAB6C14D854E2001E8401 /* RKSuperscriptAttributeWriter.h */; };
		796EAB6F14D854E3001E8401 /* RKSuperscriptAttributeWriter.m in Sources */ = {isa = PBXBuildFile; fileRef = 796EAB6D14D854E3001E8401 /* RKSuperscriptAttributeWriter.m */; };
		796EAB7014D854E3001E8401 /* RKSuperscriptAttributeWriter.m in Sources */ = {isa = PBXBuildFile; fileRef = 796EAB6D14D854E3001E8401 /* RKSuperscriptAttributeWriter.m */; };
		796EAB7414D85825001E8401 /* RKFontAttributeWriterTest.m in Sources */ = {isa = PBXBuildFile; fileRef = 796EAB7314D85825001E8401 /* RKFontAttributeWriterTest.m */; };
		796EAB7714D8584A001E8401 /* RKBackgroundColorAttributeWriterTest.m in Sources */ = {isa = PBXBuildFile; fileRef = 796EAB7614D8584A001E8401 /* RKBackgroundColorAttributeWriterTest.m */; };
		796EAB7A14D8585D001E8401 /* RKForegroundColorAttributeWriterTest.m in Sources */ = {isa = PBXBuildFile; fileRef = 796EAB7914D8585D001E8401 /* RKForegroundColorAttributeWriterTest.m */; };
		796EAB7D14D85874001E8401 /* RKUnderlineStyleAttributeWriterTest.m in Sources */ = {isa = PBXBuildFile; fileRef = 796EAB7C14D85874001E8401 /* RKUnderlineStyleAttributeWriterTest.m */; };
		796EAB8014D85886001E8401 /* RKUnderlineColorAttributeWriterTest.m in Sources */ = {isa = PBXBuildFile; fileRef = 796EAB7F14D85886001E8401 /* RKUnderlineColorAttributeWriterTest.m */; };
		796EAB8314D8589A001E8401 /* RKStrikethroughStyleAttributeWriterTest.m in Sources */ = {isa = PBXBuildFile; fileRef = 796EAB8214D8589A001E8401 /* RKStrikethroughStyleAttributeWriterTest.m */; };
		796EAB8614D858AA001E8401 /* RKStrikethroughColorAttributeWriterTest.m in Sources */ = {isa = PBXBuildFile; fileRef = 796EAB8514D858A9001E8401 /* RKStrikethroughColorAttributeWriterTest.m */; };
		796EAB8C14D858D2001E8401 /* RKStrokeWidthAttributeWriterTest.m in Sources */ = {isa = PBXBuildFile; fileRef = 796EAB8B14D858D2001E8401 /* RKStrokeWidthAttributeWriterTest.m */; };
		796EAB8F14D858E9001E8401 /* RKStrokeColorAttributeWriterTest.m in Sources */ = {isa = PBXBuildFile; fileRef = 796EAB8E14D858E8001E8401 /* RKStrokeColorAttributeWriterTest.m */; };
		796EAB9214D858F9001E8401 /* RKSuperscriptAttributeWriterTest.m in Sources */ = {isa = PBXBuildFile; fileRef = 796EAB9114D858F8001E8401 /* RKSuperscriptAttributeWriterTest.m */; };
		796EAB9514D85C66001E8401 /* RKShadowAttributeWriterTest.m in Sources */ = {isa = PBXBuildFile; fileRef = 796EAB9414D85C65001E8401 /* RKShadowAttributeWriterTest.m */; };
		797DA1CA14C97E05000DDAF3 /* RKSectionTest.m in Sources */ = {isa = PBXBuildFile; fileRef = 797DA1C914C97E05000DDAF3 /* RKSectionTest.m */; };
		7987903514D1BC5D0046F8AB /* RKAttributedStringWriter.h in Headers */ = {isa = PBXBuildFile; fileRef = 7987903314D1BC5C0046F8AB /* RKAttributedStringWriter.h */; };
		7987903614D1BC5D0046F8AB /* RKAttributedStringWriter.m in Sources */ = {isa = PBXBuildFile; fileRef = 7987903414D1BC5D0046F8AB /* RKAttributedStringWriter.m */; };
		7987903A14D1BCE40046F8AB /* RKAttributedStringWriterTest.m in Sources */ = {isa = PBXBuildFile; fileRef = 7987903914D1BCE40046F8AB /* RKAttributedStringWriterTest.m */; };
		7987904F14D2E0320046F8AB /* RKTaggedString+TestExtensions.m in Sources */ = {isa = PBXBuildFile; fileRef = 7987904E14D2E0310046F8AB /* RKTaggedString+TestExtensions.m */; };
		7987907114D2FAFB0046F8AB /* RKLinkWriter.h in Headers */ = {isa = PBXBuildFile; fileRef = 7987906814D2FAFB0046F8AB /* RKLinkWriter.h */; };
		7987907214D2FAFB0046F8AB /* RKLinkWriter.m in Sources */ = {isa = PBXBuildFile; fileRef = 7987906914D2FAFB0046F8AB /* RKLinkWriter.m */; };
		7987907314D2FAFB0046F8AB /* RKLinkWriter.m in Sources */ = {isa = PBXBuildFile; fileRef = 7987906914D2FAFB0046F8AB /* RKLinkWriter.m */; };
		7987907414D2FAFB0046F8AB /* RKParagraphStyleWriter.h in Headers */ = {isa = PBXBuildFile; fileRef = 7987906A14D2FAFB0046F8AB /* RKParagraphStyleWriter.h */; };
		7987907514D2FAFC0046F8AB /* RKParagraphStyleWriter.m in Sources */ = {isa = PBXBuildFile; fileRef = 7987906B14D2FAFB0046F8AB /* RKParagraphStyleWriter.m */; };
		7987907614D2FAFC0046F8AB /* RKParagraphStyleWriter.m in Sources */ = {isa = PBXBuildFile; fileRef = 7987906B14D2FAFB0046F8AB /* RKParagraphStyleWriter.m */; };
		7987907714D2FAFC0046F8AB /* RKTextAttachmentWriter.h in Headers */ = {isa = PBXBuildFile; fileRef = 7987906C14D2FAFB0046F8AB /* RKTextAttachmentWriter.h */; };
		7987907814D2FAFC0046F8AB /* RKTextAttachmentWriter.m in Sources */ = {isa = PBXBuildFile; fileRef = 7987906D14D2FAFB0046F8AB /* RKTextAttachmentWriter.m */; };
		7987907914D2FAFC0046F8AB /* RKTextAttachmentWriter.m in Sources */ = {isa = PBXBuildFile; fileRef = 7987906D14D2FAFB0046F8AB /* RKTextAttachmentWriter.m */; };
		7987908014D2FB060046F8AB /* RKConversion.h in Headers */ = {isa = PBXBuildFile; fileRef = 7987907A14D2FB060046F8AB /* RKConversion.h */; };
		7987908114D2FB060046F8AB /* RKConversion.m in Sources */ = {isa = PBXBuildFile; fileRef = 7987907B14D2FB060046F8AB /* RKConversion.m */; };
		7987908214D2FB060046F8AB /* RKConversion.m in Sources */ = {isa = PBXBuildFile; fileRef = 7987907B14D2FB060046F8AB /* RKConversion.m */; };
		7987908314D2FB060046F8AB /* RKResourcePool.h in Headers */ = {isa = PBXBuildFile; fileRef = 7987907C14D2FB060046F8AB /* RKResourcePool.h */; };
		7987908414D2FB060046F8AB /* RKResourcePool.m in Sources */ = {isa = PBXBuildFile; fileRef = 7987907D14D2FB060046F8AB /* RKResourcePool.m */; };
		7987908514D2FB060046F8AB /* RKResourcePool.m in Sources */ = {isa = PBXBuildFile; fileRef = 7987907D14D2FB060046F8AB /* RKResourcePool.m */; };
		7987908614D2FB060046F8AB /* RKTaggedString.h in Headers */ = {isa = PBXBuildFile; fileRef = 7987907E14D2FB060046F8AB /* RKTaggedString.h */; };
		7987908714D2FB060046F8AB /* RKTaggedString.m in Sources */ = {isa = PBXBuildFile; fileRef = 7987907F14D2FB060046F8AB /* RKTaggedString.m */; };
		7987908814D2FB060046F8AB /* RKTaggedString.m in Sources */ = {isa = PBXBuildFile; fileRef = 7987907F14D2FB060046F8AB /* RKTaggedString.m */; };
		7987909114D2FB470046F8AB /* RKConversionTest.m in Sources */ = {isa = PBXBuildFile; fileRef = 7987908C14D2FB470046F8AB /* RKConversionTest.m */; };
		7987909214D2FB470046F8AB /* RKResourcePoolTest.m in Sources */ = {isa = PBXBuildFile; fileRef = 7987908E14D2FB470046F8AB /* RKResourcePoolTest.m */; };
		7987909314D2FB470046F8AB /* RKTaggedStringTest.m in Sources */ = {isa = PBXBuildFile; fileRef = 7987909014D2FB470046F8AB /* RKTaggedStringTest.m */; };
		7987909714D2FDDB0046F8AB /* RKParagraphStyleWriterTest.m in Sources */ = {isa = PBXBuildFile; fileRef = 7987909614D2FDDB0046F8AB /* RKParagraphStyleWriterTest.m */; };
		798790A014D2FE100046F8AB /* RKTextAttachmentWriterTest.m in Sources */ = {isa = PBXBuildFile; fileRef = 7987909F14D2FE100046F8AB /* RKTextAttachmentWriterTest.m */; };
		798790A314D2FE240046F8AB /* RKLinkWriterTest.m in Sources */ = {isa = PBXBuildFile; fileRef = 798790A214D2FE230046F8AB /* RKLinkWriterTest.m */; };
		79A3597D14D00AB70076A5F7 /* RKWriterTest.m in Sources */ = {isa = PBXBuildFile; fileRef = 79A3597B14D00AB70076A5F7 /* RKWriterTest.m */; };
		79A3597F14D024A80076A5F7 /* Test Data in Resources */ = {isa = PBXBuildFile; fileRef = 79A3597E14D024A80076A5F7 /* Test Data */; };
		79A3598214D0418C0076A5F7 /* RKHeaderWriter.h in Headers */ = {isa = PBXBuildFile; fileRef = 79A3598014D0418C0076A5F7 /* RKHeaderWriter.h */; };
		79A3598314D0418C0076A5F7 /* RKHeaderWriter.m in Sources */ = {isa = PBXBuildFile; fileRef = 79A3598114D0418C0076A5F7 /* RKHeaderWriter.m */; };
		79A3598414D0418C0076A5F7 /* RKHeaderWriter.m in Sources */ = {isa = PBXBuildFile; fileRef = 79A3598114D0418C0076A5F7 /* RKHeaderWriter.m */; };
		79A3598914D041A20076A5F7 /* RKHeaderWriterTest.m in Sources */ = {isa = PBXBuildFile; fileRef = 79A3598614D041A20076A5F7 /* RKHeaderWriterTest.m */; };
		79A3598C14D0424E0076A5F7 /* RKBodyWriter.h in Headers */ = {isa = PBXBuildFile; fileRef = 79A3598A14D0424E0076A5F7 /* RKBodyWriter.h */; };
		79A3598D14D0424E0076A5F7 /* RKBodyWriter.m in Sources */ = {isa = PBXBuildFile; fileRef = 79A3598B14D0424E0076A5F7 /* RKBodyWriter.m */; };
		79A359A014D17B9D0076A5F7 /* RKBodyWriterTest.m in Sources */ = {isa = PBXBuildFile; fileRef = 79A3599D14D17B970076A5F7 /* RKBodyWriterTest.m */; };
		79A359A714D1A4B70076A5F7 /* RKSectionWriter.h in Headers */ = {isa = PBXBuildFile; fileRef = 79A359A514D1A4B60076A5F7 /* RKSectionWriter.h */; };
		79A359A814D1A4B70076A5F7 /* RKSectionWriter.m in Sources */ = {isa = PBXBuildFile; fileRef = 79A359A614D1A4B60076A5F7 /* RKSectionWriter.m */; };
		79A359A914D1A4B70076A5F7 /* RKSectionWriter.m in Sources */ = {isa = PBXBuildFile; fileRef = 79A359A614D1A4B60076A5F7 /* RKSectionWriter.m */; };
		79A359AC14D1A4CD0076A5F7 /* RKSectionWriterTest.m in Sources */ = {isa = PBXBuildFile; fileRef = 79A359AB14D1A4CC0076A5F7 /* RKSectionWriterTest.m */; };
		79F673AE14C84A9E005D03FA /* RKDocument.h in Headers */ = {isa = PBXBuildFile; fileRef = 79F673AC14C84A9E005D03FA /* RKDocument.h */; };
		79F673AF14C84A9E005D03FA /* RKDocument.m in Sources */ = {isa = PBXBuildFile; fileRef = 79F673AD14C84A9E005D03FA /* RKDocument.m */; };
		79F673B014C84A9E005D03FA /* RKDocument.m in Sources */ = {isa = PBXBuildFile; fileRef = 79F673AD14C84A9E005D03FA /* RKDocument.m */; };
		79F673B514C84ACC005D03FA /* RKDocumentTest.m in Sources */ = {isa = PBXBuildFile; fileRef = 79F673B414C84ACC005D03FA /* RKDocumentTest.m */; };
		79F673B814C84AE0005D03FA /* RKSection.h in Headers */ = {isa = PBXBuildFile; fileRef = 79F673B614C84AE0005D03FA /* RKSection.h */; };
		79F673B914C84AE0005D03FA /* RKSection.m in Sources */ = {isa = PBXBuildFile; fileRef = 79F673B714C84AE0005D03FA /* RKSection.m */; };
		79F673BA14C84AE0005D03FA /* RKSection.m in Sources */ = {isa = PBXBuildFile; fileRef = 79F673B714C84AE0005D03FA /* RKSection.m */; };
		79F673CC14C875BB005D03FA /* RKTypes.h in Headers */ = {isa = PBXBuildFile; fileRef = 79F673CB14C875BA005D03FA /* RKTypes.h */; };
		79F673CF14C883EB005D03FA /* RKWriter.h in Headers */ = {isa = PBXBuildFile; fileRef = 79F673CD14C883EB005D03FA /* RKWriter.h */; };
		79F673D014C883EB005D03FA /* RKWriter.m in Sources */ = {isa = PBXBuildFile; fileRef = 79F673CE14C883EB005D03FA /* RKWriter.m */; };
		79F673D114C883EB005D03FA /* RKWriter.m in Sources */ = {isa = PBXBuildFile; fileRef = 79F673CE14C883EB005D03FA /* RKWriter.m */; };
/* End PBXBuildFile section */

/* Begin PBXContainerItemProxy section */
		50317D4F14C494C800F23C04 /* PBXContainerItemProxy */ = {
			isa = PBXContainerItemProxy;
			containerPortal = 50317D2E14C494C800F23C04 /* Project object */;
			proxyType = 1;
			remoteGlobalIDString = 50317D3614C494C800F23C04;
			remoteInfo = RTFKit;
		};
/* End PBXContainerItemProxy section */

/* Begin PBXFileReference section */
		50317D3714C494C800F23C04 /* RTFKit.dylib */ = {isa = PBXFileReference; explicitFileType = "compiled.mach-o.dylib"; includeInIndex = 0; path = RTFKit.dylib; sourceTree = BUILT_PRODUCTS_DIR; };
		50317D3A14C494C800F23C04 /* Cocoa.framework */ = {isa = PBXFileReference; lastKnownFileType = wrapper.framework; name = Cocoa.framework; path = System/Library/Frameworks/Cocoa.framework; sourceTree = SDKROOT; };
		50317D3D14C494C800F23C04 /* AppKit.framework */ = {isa = PBXFileReference; lastKnownFileType = wrapper.framework; name = AppKit.framework; path = System/Library/Frameworks/AppKit.framework; sourceTree = SDKROOT; };
		50317D3E14C494C800F23C04 /* CoreData.framework */ = {isa = PBXFileReference; lastKnownFileType = wrapper.framework; name = CoreData.framework; path = System/Library/Frameworks/CoreData.framework; sourceTree = SDKROOT; };
		50317D3F14C494C800F23C04 /* Foundation.framework */ = {isa = PBXFileReference; lastKnownFileType = wrapper.framework; name = Foundation.framework; path = System/Library/Frameworks/Foundation.framework; sourceTree = SDKROOT; };
		50317D4B14C494C800F23C04 /* RTFKitTests.octest */ = {isa = PBXFileReference; explicitFileType = wrapper.cfbundle; includeInIndex = 0; path = RTFKitTests.octest; sourceTree = BUILT_PRODUCTS_DIR; };
		50317D4C14C494C800F23C04 /* SenTestingKit.framework */ = {isa = PBXFileReference; lastKnownFileType = wrapper.framework; name = SenTestingKit.framework; path = Library/Frameworks/SenTestingKit.framework; sourceTree = DEVELOPER_DIR; };
		50317D6814C4951C00F23C04 /* RTFKit-Prefix.pch */ = {isa = PBXFileReference; fileEncoding = 4; lastKnownFileType = sourcecode.c.h; path = "RTFKit-Prefix.pch"; sourceTree = "<group>"; };
		50317D6914C4951C00F23C04 /* RTFKit.h */ = {isa = PBXFileReference; fileEncoding = 4; lastKnownFileType = sourcecode.c.h; path = RTFKit.h; sourceTree = "<group>"; };
		50317D7014C4953800F23C04 /* RTFKitTests-Info.plist */ = {isa = PBXFileReference; fileEncoding = 4; lastKnownFileType = text.plist.xml; path = "RTFKitTests-Info.plist"; sourceTree = "<group>"; };
		50317D7B14C4962900F23C04 /* RTFKitTests-Prefix.pch */ = {isa = PBXFileReference; lastKnownFileType = sourcecode.c.h; path = "RTFKitTests-Prefix.pch"; sourceTree = "<group>"; };
		796EAB3514D85383001E8401 /* RKFontAttributeWriter.h */ = {isa = PBXFileReference; fileEncoding = 4; lastKnownFileType = sourcecode.c.h; name = RKFontAttributeWriter.h; path = "Export/Attribute Exporters/Inline Styles/RKFontAttributeWriter.h"; sourceTree = "<group>"; };
		796EAB3614D85383001E8401 /* RKFontAttributeWriter.m */ = {isa = PBXFileReference; fileEncoding = 4; lastKnownFileType = sourcecode.c.objc; name = RKFontAttributeWriter.m; path = "Export/Attribute Exporters/Inline Styles/RKFontAttributeWriter.m"; sourceTree = "<group>"; };
		796EAB3A14D853AB001E8401 /* RKAttributeWriter.h */ = {isa = PBXFileReference; fileEncoding = 4; lastKnownFileType = sourcecode.c.h; name = RKAttributeWriter.h; path = "Export/Attribute Exporters/RKAttributeWriter.h"; sourceTree = "<group>"; };
		796EAB3B14D853AB001E8401 /* RKAttributeWriter.m */ = {isa = PBXFileReference; fileEncoding = 4; lastKnownFileType = sourcecode.c.objc; name = RKAttributeWriter.m; path = "Export/Attribute Exporters/RKAttributeWriter.m"; sourceTree = "<group>"; };
		796EAB3F14D85442001E8401 /* RKBackgroundColorAttributeWriter.h */ = {isa = PBXFileReference; fileEncoding = 4; lastKnownFileType = sourcecode.c.h; name = RKBackgroundColorAttributeWriter.h; path = "Export/Attribute Exporters/Inline Styles/RKBackgroundColorAttributeWriter.h"; sourceTree = "<group>"; };
		796EAB4014D85442001E8401 /* RKBackgroundColorAttributeWriter.m */ = {isa = PBXFileReference; fileEncoding = 4; lastKnownFileType = sourcecode.c.objc; name = RKBackgroundColorAttributeWriter.m; path = "Export/Attribute Exporters/Inline Styles/RKBackgroundColorAttributeWriter.m"; sourceTree = "<group>"; };
		796EAB4414D85454001E8401 /* RKForegroundColorAttributeWriter.h */ = {isa = PBXFileReference; fileEncoding = 4; lastKnownFileType = sourcecode.c.h; name = RKForegroundColorAttributeWriter.h; path = "Export/Attribute Exporters/Inline Styles/RKForegroundColorAttributeWriter.h"; sourceTree = "<group>"; };
		796EAB4514D85454001E8401 /* RKForegroundColorAttributeWriter.m */ = {isa = PBXFileReference; fileEncoding = 4; lastKnownFileType = sourcecode.c.objc; name = RKForegroundColorAttributeWriter.m; path = "Export/Attribute Exporters/Inline Styles/RKForegroundColorAttributeWriter.m"; sourceTree = "<group>"; };
		796EAB4914D85468001E8401 /* RKUnderlineStyleAttributeWriter.h */ = {isa = PBXFileReference; fileEncoding = 4; lastKnownFileType = sourcecode.c.h; name = RKUnderlineStyleAttributeWriter.h; path = "Export/Attribute Exporters/Inline Styles/RKUnderlineStyleAttributeWriter.h"; sourceTree = "<group>"; };
		796EAB4A14D85468001E8401 /* RKUnderlineStyleAttributeWriter.m */ = {isa = PBXFileReference; fileEncoding = 4; lastKnownFileType = sourcecode.c.objc; name = RKUnderlineStyleAttributeWriter.m; path = "Export/Attribute Exporters/Inline Styles/RKUnderlineStyleAttributeWriter.m"; sourceTree = "<group>"; };
		796EAB4E14D85476001E8401 /* RKUnderlineColorAttributeWriter.h */ = {isa = PBXFileReference; fileEncoding = 4; lastKnownFileType = sourcecode.c.h; name = RKUnderlineColorAttributeWriter.h; path = "Export/Attribute Exporters/Inline Styles/RKUnderlineColorAttributeWriter.h"; sourceTree = "<group>"; };
		796EAB4F14D85477001E8401 /* RKUnderlineColorAttributeWriter.m */ = {isa = PBXFileReference; fileEncoding = 4; lastKnownFileType = sourcecode.c.objc; name = RKUnderlineColorAttributeWriter.m; path = "Export/Attribute Exporters/Inline Styles/RKUnderlineColorAttributeWriter.m"; sourceTree = "<group>"; };
		796EAB5314D85490001E8401 /* RKStrikethroughStyleAttributeWriter.h */ = {isa = PBXFileReference; fileEncoding = 4; lastKnownFileType = sourcecode.c.h; name = RKStrikethroughStyleAttributeWriter.h; path = "Export/Attribute Exporters/Inline Styles/RKStrikethroughStyleAttributeWriter.h"; sourceTree = "<group>"; };
		796EAB5414D85490001E8401 /* RKStrikethroughStyleAttributeWriter.m */ = {isa = PBXFileReference; fileEncoding = 4; lastKnownFileType = sourcecode.c.objc; name = RKStrikethroughStyleAttributeWriter.m; path = "Export/Attribute Exporters/Inline Styles/RKStrikethroughStyleAttributeWriter.m"; sourceTree = "<group>"; };
		796EAB5814D8549F001E8401 /* RKStrikethroughColorAttributeWriter.h */ = {isa = PBXFileReference; fileEncoding = 4; lastKnownFileType = sourcecode.c.h; name = RKStrikethroughColorAttributeWriter.h; path = "Export/Attribute Exporters/Inline Styles/RKStrikethroughColorAttributeWriter.h"; sourceTree = "<group>"; };
		796EAB5914D8549F001E8401 /* RKStrikethroughColorAttributeWriter.m */ = {isa = PBXFileReference; fileEncoding = 4; lastKnownFileType = sourcecode.c.objc; name = RKStrikethroughColorAttributeWriter.m; path = "Export/Attribute Exporters/Inline Styles/RKStrikethroughColorAttributeWriter.m"; sourceTree = "<group>"; };
		796EAB5D14D854B5001E8401 /* RKStrokeWidthAttributeWriter.h */ = {isa = PBXFileReference; fileEncoding = 4; lastKnownFileType = sourcecode.c.h; name = RKStrokeWidthAttributeWriter.h; path = "Export/Attribute Exporters/Inline Styles/RKStrokeWidthAttributeWriter.h"; sourceTree = "<group>"; };
		796EAB5E14D854B5001E8401 /* RKStrokeWidthAttributeWriter.m */ = {isa = PBXFileReference; fileEncoding = 4; lastKnownFileType = sourcecode.c.objc; name = RKStrokeWidthAttributeWriter.m; path = "Export/Attribute Exporters/Inline Styles/RKStrokeWidthAttributeWriter.m"; sourceTree = "<group>"; };
		796EAB6214D854C7001E8401 /* RKStrokeColorAttributeWriter.h */ = {isa = PBXFileReference; fileEncoding = 4; lastKnownFileType = sourcecode.c.h; name = RKStrokeColorAttributeWriter.h; path = "Export/Attribute Exporters/Inline Styles/RKStrokeColorAttributeWriter.h"; sourceTree = "<group>"; };
		796EAB6314D854C7001E8401 /* RKStrokeColorAttributeWriter.m */ = {isa = PBXFileReference; fileEncoding = 4; lastKnownFileType = sourcecode.c.objc; name = RKStrokeColorAttributeWriter.m; path = "Export/Attribute Exporters/Inline Styles/RKStrokeColorAttributeWriter.m"; sourceTree = "<group>"; };
		796EAB6714D854D4001E8401 /* RKShadowAttributeWriter.h */ = {isa = PBXFileReference; fileEncoding = 4; lastKnownFileType = sourcecode.c.h; name = RKShadowAttributeWriter.h; path = "Export/Attribute Exporters/Inline Styles/RKShadowAttributeWriter.h"; sourceTree = "<group>"; };
		796EAB6814D854D4001E8401 /* RKShadowAttributeWriter.m */ = {isa = PBXFileReference; fileEncoding = 4; lastKnownFileType = sourcecode.c.objc; name = RKShadowAttributeWriter.m; path = "Export/Attribute Exporters/Inline Styles/RKShadowAttributeWriter.m"; sourceTree = "<group>"; };
		796EAB6C14D854E2001E8401 /* RKSuperscriptAttributeWriter.h */ = {isa = PBXFileReference; fileEncoding = 4; lastKnownFileType = sourcecode.c.h; name = RKSuperscriptAttributeWriter.h; path = "Export/Attribute Exporters/Inline Styles/RKSuperscriptAttributeWriter.h"; sourceTree = "<group>"; };
		796EAB6D14D854E3001E8401 /* RKSuperscriptAttributeWriter.m */ = {isa = PBXFileReference; fileEncoding = 4; lastKnownFileType = sourcecode.c.objc; name = RKSuperscriptAttributeWriter.m; path = "Export/Attribute Exporters/Inline Styles/RKSuperscriptAttributeWriter.m"; sourceTree = "<group>"; };
		796EAB7214D85825001E8401 /* RKFontAttributeWriterTest.h */ = {isa = PBXFileReference; fileEncoding = 4; lastKnownFileType = sourcecode.c.h; name = RKFontAttributeWriterTest.h; path = "Export/Attribute Exporters/Inline Styles/RKFontAttributeWriterTest.h"; sourceTree = "<group>"; };
		796EAB7314D85825001E8401 /* RKFontAttributeWriterTest.m */ = {isa = PBXFileReference; fileEncoding = 4; lastKnownFileType = sourcecode.c.objc; name = RKFontAttributeWriterTest.m; path = "Export/Attribute Exporters/Inline Styles/RKFontAttributeWriterTest.m"; sourceTree = "<group>"; };
		796EAB7514D8584A001E8401 /* RKBackgroundColorAttributeWriterTest.h */ = {isa = PBXFileReference; fileEncoding = 4; lastKnownFileType = sourcecode.c.h; name = RKBackgroundColorAttributeWriterTest.h; path = "Export/Attribute Exporters/Inline Styles/RKBackgroundColorAttributeWriterTest.h"; sourceTree = "<group>"; };
		796EAB7614D8584A001E8401 /* RKBackgroundColorAttributeWriterTest.m */ = {isa = PBXFileReference; fileEncoding = 4; lastKnownFileType = sourcecode.c.objc; name = RKBackgroundColorAttributeWriterTest.m; path = "Export/Attribute Exporters/Inline Styles/RKBackgroundColorAttributeWriterTest.m"; sourceTree = "<group>"; };
		796EAB7814D8585C001E8401 /* RKForegroundColorAttributeWriterTest.h */ = {isa = PBXFileReference; fileEncoding = 4; lastKnownFileType = sourcecode.c.h; name = RKForegroundColorAttributeWriterTest.h; path = "Export/Attribute Exporters/Inline Styles/RKForegroundColorAttributeWriterTest.h"; sourceTree = "<group>"; };
		796EAB7914D8585D001E8401 /* RKForegroundColorAttributeWriterTest.m */ = {isa = PBXFileReference; fileEncoding = 4; lastKnownFileType = sourcecode.c.objc; name = RKForegroundColorAttributeWriterTest.m; path = "Export/Attribute Exporters/Inline Styles/RKForegroundColorAttributeWriterTest.m"; sourceTree = "<group>"; };
		796EAB7B14D85874001E8401 /* RKUnderlineStyleAttributeWriterTest.h */ = {isa = PBXFileReference; fileEncoding = 4; lastKnownFileType = sourcecode.c.h; name = RKUnderlineStyleAttributeWriterTest.h; path = "Export/Attribute Exporters/Inline Styles/RKUnderlineStyleAttributeWriterTest.h"; sourceTree = "<group>"; };
		796EAB7C14D85874001E8401 /* RKUnderlineStyleAttributeWriterTest.m */ = {isa = PBXFileReference; fileEncoding = 4; lastKnownFileType = sourcecode.c.objc; name = RKUnderlineStyleAttributeWriterTest.m; path = "Export/Attribute Exporters/Inline Styles/RKUnderlineStyleAttributeWriterTest.m"; sourceTree = "<group>"; };
		796EAB7E14D85886001E8401 /* RKUnderlineColorAttributeWriterTest.h */ = {isa = PBXFileReference; fileEncoding = 4; lastKnownFileType = sourcecode.c.h; name = RKUnderlineColorAttributeWriterTest.h; path = "Export/Attribute Exporters/Inline Styles/RKUnderlineColorAttributeWriterTest.h"; sourceTree = "<group>"; };
		796EAB7F14D85886001E8401 /* RKUnderlineColorAttributeWriterTest.m */ = {isa = PBXFileReference; fileEncoding = 4; lastKnownFileType = sourcecode.c.objc; name = RKUnderlineColorAttributeWriterTest.m; path = "Export/Attribute Exporters/Inline Styles/RKUnderlineColorAttributeWriterTest.m"; sourceTree = "<group>"; };
		796EAB8114D85899001E8401 /* RKStrikethroughStyleAttributeWriterTest.h */ = {isa = PBXFileReference; fileEncoding = 4; lastKnownFileType = sourcecode.c.h; name = RKStrikethroughStyleAttributeWriterTest.h; path = "Export/Attribute Exporters/Inline Styles/RKStrikethroughStyleAttributeWriterTest.h"; sourceTree = "<group>"; };
		796EAB8214D8589A001E8401 /* RKStrikethroughStyleAttributeWriterTest.m */ = {isa = PBXFileReference; fileEncoding = 4; lastKnownFileType = sourcecode.c.objc; name = RKStrikethroughStyleAttributeWriterTest.m; path = "Export/Attribute Exporters/Inline Styles/RKStrikethroughStyleAttributeWriterTest.m"; sourceTree = "<group>"; };
		796EAB8414D858A9001E8401 /* RKStrikethroughColorAttributeWriterTest.h */ = {isa = PBXFileReference; fileEncoding = 4; lastKnownFileType = sourcecode.c.h; name = RKStrikethroughColorAttributeWriterTest.h; path = "Export/Attribute Exporters/Inline Styles/RKStrikethroughColorAttributeWriterTest.h"; sourceTree = "<group>"; };
		796EAB8514D858A9001E8401 /* RKStrikethroughColorAttributeWriterTest.m */ = {isa = PBXFileReference; fileEncoding = 4; lastKnownFileType = sourcecode.c.objc; name = RKStrikethroughColorAttributeWriterTest.m; path = "Export/Attribute Exporters/Inline Styles/RKStrikethroughColorAttributeWriterTest.m"; sourceTree = "<group>"; };
		796EAB8A14D858D1001E8401 /* RKStrokeWidthAttributeWriterTest.h */ = {isa = PBXFileReference; fileEncoding = 4; lastKnownFileType = sourcecode.c.h; name = RKStrokeWidthAttributeWriterTest.h; path = "Export/Attribute Exporters/Inline Styles/RKStrokeWidthAttributeWriterTest.h"; sourceTree = "<group>"; };
		796EAB8B14D858D2001E8401 /* RKStrokeWidthAttributeWriterTest.m */ = {isa = PBXFileReference; fileEncoding = 4; lastKnownFileType = sourcecode.c.objc; name = RKStrokeWidthAttributeWriterTest.m; path = "Export/Attribute Exporters/Inline Styles/RKStrokeWidthAttributeWriterTest.m"; sourceTree = "<group>"; };
		796EAB8D14D858E7001E8401 /* RKStrokeColorAttributeWriterTest.h */ = {isa = PBXFileReference; fileEncoding = 4; lastKnownFileType = sourcecode.c.h; name = RKStrokeColorAttributeWriterTest.h; path = "Export/Attribute Exporters/Inline Styles/RKStrokeColorAttributeWriterTest.h"; sourceTree = "<group>"; };
		796EAB8E14D858E8001E8401 /* RKStrokeColorAttributeWriterTest.m */ = {isa = PBXFileReference; fileEncoding = 4; lastKnownFileType = sourcecode.c.objc; name = RKStrokeColorAttributeWriterTest.m; path = "Export/Attribute Exporters/Inline Styles/RKStrokeColorAttributeWriterTest.m"; sourceTree = "<group>"; };
		796EAB9014D858F7001E8401 /* RKSuperscriptAttributeWriterTest.h */ = {isa = PBXFileReference; fileEncoding = 4; lastKnownFileType = sourcecode.c.h; name = RKSuperscriptAttributeWriterTest.h; path = "Export/Attribute Exporters/Inline Styles/RKSuperscriptAttributeWriterTest.h"; sourceTree = "<group>"; };
		796EAB9114D858F8001E8401 /* RKSuperscriptAttributeWriterTest.m */ = {isa = PBXFileReference; fileEncoding = 4; lastKnownFileType = sourcecode.c.objc; name = RKSuperscriptAttributeWriterTest.m; path = "Export/Attribute Exporters/Inline Styles/RKSuperscriptAttributeWriterTest.m"; sourceTree = "<group>"; };
		796EAB9314D85C64001E8401 /* RKShadowAttributeWriterTest.h */ = {isa = PBXFileReference; fileEncoding = 4; lastKnownFileType = sourcecode.c.h; name = RKShadowAttributeWriterTest.h; path = "Export/Attribute Exporters/Inline Styles/RKShadowAttributeWriterTest.h"; sourceTree = "<group>"; };
		796EAB9414D85C65001E8401 /* RKShadowAttributeWriterTest.m */ = {isa = PBXFileReference; fileEncoding = 4; lastKnownFileType = sourcecode.c.objc; name = RKShadowAttributeWriterTest.m; path = "Export/Attribute Exporters/Inline Styles/RKShadowAttributeWriterTest.m"; sourceTree = "<group>"; };
		797DA1C814C97E05000DDAF3 /* RKSectionTest.h */ = {isa = PBXFileReference; fileEncoding = 4; lastKnownFileType = sourcecode.c.h; name = RKSectionTest.h; path = Document/RKSectionTest.h; sourceTree = "<group>"; };
		797DA1C914C97E05000DDAF3 /* RKSectionTest.m */ = {isa = PBXFileReference; fileEncoding = 4; lastKnownFileType = sourcecode.c.objc; name = RKSectionTest.m; path = Document/RKSectionTest.m; sourceTree = "<group>"; };
		7987903314D1BC5C0046F8AB /* RKAttributedStringWriter.h */ = {isa = PBXFileReference; fileEncoding = 4; lastKnownFileType = sourcecode.c.h; name = RKAttributedStringWriter.h; path = Export/RKAttributedStringWriter.h; sourceTree = "<group>"; };
		7987903414D1BC5D0046F8AB /* RKAttributedStringWriter.m */ = {isa = PBXFileReference; fileEncoding = 4; lastKnownFileType = sourcecode.c.objc; name = RKAttributedStringWriter.m; path = Export/RKAttributedStringWriter.m; sourceTree = "<group>"; };
		7987903814D1BCE40046F8AB /* RKAttributedStringWriterTest.h */ = {isa = PBXFileReference; fileEncoding = 4; lastKnownFileType = sourcecode.c.h; name = RKAttributedStringWriterTest.h; path = Export/RKAttributedStringWriterTest.h; sourceTree = "<group>"; };
		7987903914D1BCE40046F8AB /* RKAttributedStringWriterTest.m */ = {isa = PBXFileReference; fileEncoding = 4; lastKnownFileType = sourcecode.c.objc; name = RKAttributedStringWriterTest.m; path = Export/RKAttributedStringWriterTest.m; sourceTree = "<group>"; };
		7987903B14D1C1920046F8AB /* RKSectionWriter+TestExtensions.h */ = {isa = PBXFileReference; fileEncoding = 4; lastKnownFileType = sourcecode.c.h; name = "RKSectionWriter+TestExtensions.h"; path = "Utils/RKSectionWriter+TestExtensions.h"; sourceTree = "<group>"; };
		7987903D14D2BD220046F8AB /* RKParagraphStyleWriter+TestExtensions.h */ = {isa = PBXFileReference; fileEncoding = 4; lastKnownFileType = sourcecode.c.h; name = "RKParagraphStyleWriter+TestExtensions.h"; path = "Utils/RKParagraphStyleWriter+TestExtensions.h"; sourceTree = "<group>"; };
		7987904D14D2DF7E0046F8AB /* RKTaggedString+TestExtensions.h */ = {isa = PBXFileReference; fileEncoding = 4; lastKnownFileType = sourcecode.c.h; name = "RKTaggedString+TestExtensions.h"; path = "Utils/RKTaggedString+TestExtensions.h"; sourceTree = "<group>"; };
		7987904E14D2E0310046F8AB /* RKTaggedString+TestExtensions.m */ = {isa = PBXFileReference; fileEncoding = 4; lastKnownFileType = sourcecode.c.objc; name = "RKTaggedString+TestExtensions.m"; path = "Utils/RKTaggedString+TestExtensions.m"; sourceTree = "<group>"; };
		7987906814D2FAFB0046F8AB /* RKLinkWriter.h */ = {isa = PBXFileReference; fileEncoding = 4; lastKnownFileType = sourcecode.c.h; name = RKLinkWriter.h; path = "Export/Attribute Exporters/RKLinkWriter.h"; sourceTree = "<group>"; };
		7987906914D2FAFB0046F8AB /* RKLinkWriter.m */ = {isa = PBXFileReference; fileEncoding = 4; lastKnownFileType = sourcecode.c.objc; name = RKLinkWriter.m; path = "Export/Attribute Exporters/RKLinkWriter.m"; sourceTree = "<group>"; };
		7987906A14D2FAFB0046F8AB /* RKParagraphStyleWriter.h */ = {isa = PBXFileReference; fileEncoding = 4; lastKnownFileType = sourcecode.c.h; name = RKParagraphStyleWriter.h; path = "Export/Attribute Exporters/RKParagraphStyleWriter.h"; sourceTree = "<group>"; };
		7987906B14D2FAFB0046F8AB /* RKParagraphStyleWriter.m */ = {isa = PBXFileReference; fileEncoding = 4; lastKnownFileType = sourcecode.c.objc; name = RKParagraphStyleWriter.m; path = "Export/Attribute Exporters/RKParagraphStyleWriter.m"; sourceTree = "<group>"; };
		7987906C14D2FAFB0046F8AB /* RKTextAttachmentWriter.h */ = {isa = PBXFileReference; fileEncoding = 4; lastKnownFileType = sourcecode.c.h; name = RKTextAttachmentWriter.h; path = "Export/Attribute Exporters/RKTextAttachmentWriter.h"; sourceTree = "<group>"; };
		7987906D14D2FAFB0046F8AB /* RKTextAttachmentWriter.m */ = {isa = PBXFileReference; fileEncoding = 4; lastKnownFileType = sourcecode.c.objc; name = RKTextAttachmentWriter.m; path = "Export/Attribute Exporters/RKTextAttachmentWriter.m"; sourceTree = "<group>"; };
		7987907A14D2FB060046F8AB /* RKConversion.h */ = {isa = PBXFileReference; fileEncoding = 4; lastKnownFileType = sourcecode.c.h; name = RKConversion.h; path = Export/Utils/RKConversion.h; sourceTree = "<group>"; };
		7987907B14D2FB060046F8AB /* RKConversion.m */ = {isa = PBXFileReference; fileEncoding = 4; lastKnownFileType = sourcecode.c.objc; name = RKConversion.m; path = Export/Utils/RKConversion.m; sourceTree = "<group>"; };
		7987907C14D2FB060046F8AB /* RKResourcePool.h */ = {isa = PBXFileReference; fileEncoding = 4; lastKnownFileType = sourcecode.c.h; name = RKResourcePool.h; path = Export/Utils/RKResourcePool.h; sourceTree = "<group>"; };
		7987907D14D2FB060046F8AB /* RKResourcePool.m */ = {isa = PBXFileReference; fileEncoding = 4; lastKnownFileType = sourcecode.c.objc; name = RKResourcePool.m; path = Export/Utils/RKResourcePool.m; sourceTree = "<group>"; };
		7987907E14D2FB060046F8AB /* RKTaggedString.h */ = {isa = PBXFileReference; fileEncoding = 4; lastKnownFileType = sourcecode.c.h; name = RKTaggedString.h; path = Export/Utils/RKTaggedString.h; sourceTree = "<group>"; };
		7987907F14D2FB060046F8AB /* RKTaggedString.m */ = {isa = PBXFileReference; fileEncoding = 4; lastKnownFileType = sourcecode.c.objc; name = RKTaggedString.m; path = Export/Utils/RKTaggedString.m; sourceTree = "<group>"; };
		7987908B14D2FB470046F8AB /* RKConversionTest.h */ = {isa = PBXFileReference; fileEncoding = 4; lastKnownFileType = sourcecode.c.h; name = RKConversionTest.h; path = Export/Utils/RKConversionTest.h; sourceTree = "<group>"; };
		7987908C14D2FB470046F8AB /* RKConversionTest.m */ = {isa = PBXFileReference; fileEncoding = 4; lastKnownFileType = sourcecode.c.objc; name = RKConversionTest.m; path = Export/Utils/RKConversionTest.m; sourceTree = "<group>"; };
		7987908D14D2FB470046F8AB /* RKResourcePoolTest.h */ = {isa = PBXFileReference; fileEncoding = 4; lastKnownFileType = sourcecode.c.h; name = RKResourcePoolTest.h; path = Export/Utils/RKResourcePoolTest.h; sourceTree = "<group>"; };
		7987908E14D2FB470046F8AB /* RKResourcePoolTest.m */ = {isa = PBXFileReference; fileEncoding = 4; lastKnownFileType = sourcecode.c.objc; name = RKResourcePoolTest.m; path = Export/Utils/RKResourcePoolTest.m; sourceTree = "<group>"; };
		7987908F14D2FB470046F8AB /* RKTaggedStringTest.h */ = {isa = PBXFileReference; fileEncoding = 4; lastKnownFileType = sourcecode.c.h; name = RKTaggedStringTest.h; path = Export/Utils/RKTaggedStringTest.h; sourceTree = "<group>"; };
		7987909014D2FB470046F8AB /* RKTaggedStringTest.m */ = {isa = PBXFileReference; fileEncoding = 4; lastKnownFileType = sourcecode.c.objc; name = RKTaggedStringTest.m; path = Export/Utils/RKTaggedStringTest.m; sourceTree = "<group>"; };
		7987909514D2FDDB0046F8AB /* RKParagraphStyleWriterTest.h */ = {isa = PBXFileReference; fileEncoding = 4; lastKnownFileType = sourcecode.c.h; name = RKParagraphStyleWriterTest.h; path = "Export/Attribute Exporters/RKParagraphStyleWriterTest.h"; sourceTree = "<group>"; };
		7987909614D2FDDB0046F8AB /* RKParagraphStyleWriterTest.m */ = {isa = PBXFileReference; fileEncoding = 4; lastKnownFileType = sourcecode.c.objc; name = RKParagraphStyleWriterTest.m; path = "Export/Attribute Exporters/RKParagraphStyleWriterTest.m"; sourceTree = "<group>"; };
		7987909E14D2FE100046F8AB /* RKTextAttachmentWriterTest.h */ = {isa = PBXFileReference; fileEncoding = 4; lastKnownFileType = sourcecode.c.h; name = RKTextAttachmentWriterTest.h; path = "Export/Attribute Exporters/RKTextAttachmentWriterTest.h"; sourceTree = "<group>"; };
		7987909F14D2FE100046F8AB /* RKTextAttachmentWriterTest.m */ = {isa = PBXFileReference; fileEncoding = 4; lastKnownFileType = sourcecode.c.objc; name = RKTextAttachmentWriterTest.m; path = "Export/Attribute Exporters/RKTextAttachmentWriterTest.m"; sourceTree = "<group>"; };
		798790A114D2FE230046F8AB /* RKLinkWriterTest.h */ = {isa = PBXFileReference; fileEncoding = 4; lastKnownFileType = sourcecode.c.h; name = RKLinkWriterTest.h; path = "Export/Attribute Exporters/RKLinkWriterTest.h"; sourceTree = "<group>"; };
		798790A214D2FE230046F8AB /* RKLinkWriterTest.m */ = {isa = PBXFileReference; fileEncoding = 4; lastKnownFileType = sourcecode.c.objc; name = RKLinkWriterTest.m; path = "Export/Attribute Exporters/RKLinkWriterTest.m"; sourceTree = "<group>"; };
		79A3597A14D00AB70076A5F7 /* RKWriterTest.h */ = {isa = PBXFileReference; fileEncoding = 4; lastKnownFileType = sourcecode.c.h; name = RKWriterTest.h; path = Export/RKWriterTest.h; sourceTree = "<group>"; };
		79A3597B14D00AB70076A5F7 /* RKWriterTest.m */ = {isa = PBXFileReference; fileEncoding = 4; lastKnownFileType = sourcecode.c.objc; name = RKWriterTest.m; path = Export/RKWriterTest.m; sourceTree = "<group>"; };
		79A3597E14D024A80076A5F7 /* Test Data */ = {isa = PBXFileReference; lastKnownFileType = folder; path = "Test Data"; sourceTree = "<group>"; };
		79A3598014D0418C0076A5F7 /* RKHeaderWriter.h */ = {isa = PBXFileReference; fileEncoding = 4; lastKnownFileType = sourcecode.c.h; name = RKHeaderWriter.h; path = Export/RKHeaderWriter.h; sourceTree = "<group>"; };
		79A3598114D0418C0076A5F7 /* RKHeaderWriter.m */ = {isa = PBXFileReference; fileEncoding = 4; lastKnownFileType = sourcecode.c.objc; name = RKHeaderWriter.m; path = Export/RKHeaderWriter.m; sourceTree = "<group>"; };
		79A3598514D041A10076A5F7 /* RKHeaderWriterTest.h */ = {isa = PBXFileReference; fileEncoding = 4; lastKnownFileType = sourcecode.c.h; name = RKHeaderWriterTest.h; path = Export/RKHeaderWriterTest.h; sourceTree = "<group>"; };
		79A3598614D041A20076A5F7 /* RKHeaderWriterTest.m */ = {isa = PBXFileReference; fileEncoding = 4; lastKnownFileType = sourcecode.c.objc; name = RKHeaderWriterTest.m; path = Export/RKHeaderWriterTest.m; sourceTree = "<group>"; };
		79A3598A14D0424E0076A5F7 /* RKBodyWriter.h */ = {isa = PBXFileReference; fileEncoding = 4; lastKnownFileType = sourcecode.c.h; name = RKBodyWriter.h; path = Export/RKBodyWriter.h; sourceTree = "<group>"; };
		79A3598B14D0424E0076A5F7 /* RKBodyWriter.m */ = {isa = PBXFileReference; fileEncoding = 4; lastKnownFileType = sourcecode.c.objc; name = RKBodyWriter.m; path = Export/RKBodyWriter.m; sourceTree = "<group>"; };
		79A3599C14D17B970076A5F7 /* RKBodyWriterTest.h */ = {isa = PBXFileReference; fileEncoding = 4; lastKnownFileType = sourcecode.c.h; name = RKBodyWriterTest.h; path = Export/RKBodyWriterTest.h; sourceTree = "<group>"; };
		79A3599D14D17B970076A5F7 /* RKBodyWriterTest.m */ = {isa = PBXFileReference; fileEncoding = 4; lastKnownFileType = sourcecode.c.objc; name = RKBodyWriterTest.m; path = Export/RKBodyWriterTest.m; sourceTree = "<group>"; };
		79A359A314D1A3650076A5F7 /* RKSection+TestExtensions.h */ = {isa = PBXFileReference; fileEncoding = 4; lastKnownFileType = sourcecode.c.h; name = "RKSection+TestExtensions.h"; path = "Utils/RKSection+TestExtensions.h"; sourceTree = "<group>"; };
		79A359A414D1A38C0076A5F7 /* RKHeaderWriter+TestExtensions.h */ = {isa = PBXFileReference; fileEncoding = 4; lastKnownFileType = sourcecode.c.h; name = "RKHeaderWriter+TestExtensions.h"; path = "Utils/RKHeaderWriter+TestExtensions.h"; sourceTree = "<group>"; };
		79A359A514D1A4B60076A5F7 /* RKSectionWriter.h */ = {isa = PBXFileReference; fileEncoding = 4; lastKnownFileType = sourcecode.c.h; name = RKSectionWriter.h; path = Export/RKSectionWriter.h; sourceTree = "<group>"; };
		79A359A614D1A4B60076A5F7 /* RKSectionWriter.m */ = {isa = PBXFileReference; fileEncoding = 4; lastKnownFileType = sourcecode.c.objc; name = RKSectionWriter.m; path = Export/RKSectionWriter.m; sourceTree = "<group>"; };
		79A359AA14D1A4CB0076A5F7 /* RKSectionWriterTest.h */ = {isa = PBXFileReference; fileEncoding = 4; lastKnownFileType = sourcecode.c.h; name = RKSectionWriterTest.h; path = Export/RKSectionWriterTest.h; sourceTree = "<group>"; };
		79A359AB14D1A4CC0076A5F7 /* RKSectionWriterTest.m */ = {isa = PBXFileReference; fileEncoding = 4; lastKnownFileType = sourcecode.c.objc; name = RKSectionWriterTest.m; path = Export/RKSectionWriterTest.m; sourceTree = "<group>"; };
		79F673AC14C84A9E005D03FA /* RKDocument.h */ = {isa = PBXFileReference; fileEncoding = 4; lastKnownFileType = sourcecode.c.h; name = RKDocument.h; path = Document/RKDocument.h; sourceTree = "<group>"; };
		79F673AD14C84A9E005D03FA /* RKDocument.m */ = {isa = PBXFileReference; fileEncoding = 4; lastKnownFileType = sourcecode.c.objc; name = RKDocument.m; path = Document/RKDocument.m; sourceTree = "<group>"; };
		79F673B314C84ACC005D03FA /* RKDocumentTest.h */ = {isa = PBXFileReference; fileEncoding = 4; lastKnownFileType = sourcecode.c.h; name = RKDocumentTest.h; path = Document/RKDocumentTest.h; sourceTree = "<group>"; };
		79F673B414C84ACC005D03FA /* RKDocumentTest.m */ = {isa = PBXFileReference; fileEncoding = 4; lastKnownFileType = sourcecode.c.objc; name = RKDocumentTest.m; path = Document/RKDocumentTest.m; sourceTree = "<group>"; };
		79F673B614C84AE0005D03FA /* RKSection.h */ = {isa = PBXFileReference; fileEncoding = 4; lastKnownFileType = sourcecode.c.h; name = RKSection.h; path = Document/RKSection.h; sourceTree = "<group>"; };
		79F673B714C84AE0005D03FA /* RKSection.m */ = {isa = PBXFileReference; fileEncoding = 4; lastKnownFileType = sourcecode.c.objc; name = RKSection.m; path = Document/RKSection.m; sourceTree = "<group>"; };
		79F673CB14C875BA005D03FA /* RKTypes.h */ = {isa = PBXFileReference; fileEncoding = 4; lastKnownFileType = sourcecode.c.h; path = RKTypes.h; sourceTree = "<group>"; };
		79F673CD14C883EB005D03FA /* RKWriter.h */ = {isa = PBXFileReference; fileEncoding = 4; lastKnownFileType = sourcecode.c.h; name = RKWriter.h; path = Export/RKWriter.h; sourceTree = "<group>"; };
		79F673CE14C883EB005D03FA /* RKWriter.m */ = {isa = PBXFileReference; fileEncoding = 4; lastKnownFileType = sourcecode.c.objc; name = RKWriter.m; path = Export/RKWriter.m; sourceTree = "<group>"; };
/* End PBXFileReference section */

/* Begin PBXFrameworksBuildPhase section */
		50317D3414C494C800F23C04 /* Frameworks */ = {
			isa = PBXFrameworksBuildPhase;
			buildActionMask = 2147483647;
			files = (
				50317D3B14C494C800F23C04 /* Cocoa.framework in Frameworks */,
			);
			runOnlyForDeploymentPostprocessing = 0;
		};
		50317D4714C494C800F23C04 /* Frameworks */ = {
			isa = PBXFrameworksBuildPhase;
			buildActionMask = 2147483647;
			files = (
				50317D4D14C494C800F23C04 /* SenTestingKit.framework in Frameworks */,
				50317D4E14C494C800F23C04 /* Cocoa.framework in Frameworks */,
				50317D5114C494C800F23C04 /* RTFKit.dylib in Frameworks */,
			);
			runOnlyForDeploymentPostprocessing = 0;
		};
/* End PBXFrameworksBuildPhase section */

/* Begin PBXGroup section */
		50317D2C14C494C800F23C04 = {
			isa = PBXGroup;
			children = (
				50317D6714C4951C00F23C04 /* Source */,
				50317D6F14C4953800F23C04 /* Tests */,
				50317D3914C494C800F23C04 /* Frameworks */,
				50317D3814C494C800F23C04 /* Products */,
			);
			sourceTree = "<group>";
		};
		50317D3814C494C800F23C04 /* Products */ = {
			isa = PBXGroup;
			children = (
				50317D3714C494C800F23C04 /* RTFKit.dylib */,
				50317D4B14C494C800F23C04 /* RTFKitTests.octest */,
			);
			name = Products;
			sourceTree = "<group>";
		};
		50317D3914C494C800F23C04 /* Frameworks */ = {
			isa = PBXGroup;
			children = (
				50317D3A14C494C800F23C04 /* Cocoa.framework */,
				50317D4C14C494C800F23C04 /* SenTestingKit.framework */,
				50317D3C14C494C800F23C04 /* Other Frameworks */,
			);
			name = Frameworks;
			sourceTree = "<group>";
		};
		50317D3C14C494C800F23C04 /* Other Frameworks */ = {
			isa = PBXGroup;
			children = (
				50317D3D14C494C800F23C04 /* AppKit.framework */,
				50317D3E14C494C800F23C04 /* CoreData.framework */,
				50317D3F14C494C800F23C04 /* Foundation.framework */,
			);
			name = "Other Frameworks";
			sourceTree = "<group>";
		};
		50317D6714C4951C00F23C04 /* Source */ = {
			isa = PBXGroup;
			children = (
				79F673CB14C875BA005D03FA /* RKTypes.h */,
				79F673AB14C84A65005D03FA /* Document */,
				79F673A914C84A5A005D03FA /* Export */,
				50317D6914C4951C00F23C04 /* RTFKit.h */,
				50317D6E14C4952300F23C04 /* Other */,
			);
			path = Source;
			sourceTree = "<group>";
		};
		50317D6E14C4952300F23C04 /* Other */ = {
			isa = PBXGroup;
			children = (
				50317D6814C4951C00F23C04 /* RTFKit-Prefix.pch */,
			);
			name = Other;
			sourceTree = "<group>";
		};
		50317D6F14C4953800F23C04 /* Tests */ = {
			isa = PBXGroup;
			children = (
				79F673B214C84AA9005D03FA /* Export */,
				79F673B114C84AA3005D03FA /* Document */,
				79A359A214D1A1D10076A5F7 /* Utils */,
				50317D7514C4954000F23C04 /* Other */,
			);
			path = Tests;
			sourceTree = "<group>";
		};
		50317D7514C4954000F23C04 /* Other */ = {
			isa = PBXGroup;
			children = (
				50317D7B14C4962900F23C04 /* RTFKitTests-Prefix.pch */,
				50317D7014C4953800F23C04 /* RTFKitTests-Info.plist */,
				79A3597E14D024A80076A5F7 /* Test Data */,
			);
			name = Other;
			sourceTree = "<group>";
		};
		796EAB3414D8536A001E8401 /* Inline Styles */ = {
			isa = PBXGroup;
			children = (
				796EAB3514D85383001E8401 /* RKFontAttributeWriter.h */,
				796EAB3614D85383001E8401 /* RKFontAttributeWriter.m */,
				796EAB3F14D85442001E8401 /* RKBackgroundColorAttributeWriter.h */,
				796EAB4014D85442001E8401 /* RKBackgroundColorAttributeWriter.m */,
				796EAB4414D85454001E8401 /* RKForegroundColorAttributeWriter.h */,
				796EAB4514D85454001E8401 /* RKForegroundColorAttributeWriter.m */,
				796EAB4914D85468001E8401 /* RKUnderlineStyleAttributeWriter.h */,
				796EAB4A14D85468001E8401 /* RKUnderlineStyleAttributeWriter.m */,
				796EAB4E14D85476001E8401 /* RKUnderlineColorAttributeWriter.h */,
				796EAB4F14D85477001E8401 /* RKUnderlineColorAttributeWriter.m */,
				796EAB5314D85490001E8401 /* RKStrikethroughStyleAttributeWriter.h */,
				796EAB5414D85490001E8401 /* RKStrikethroughStyleAttributeWriter.m */,
				796EAB5814D8549F001E8401 /* RKStrikethroughColorAttributeWriter.h */,
				796EAB5914D8549F001E8401 /* RKStrikethroughColorAttributeWriter.m */,
				796EAB5D14D854B5001E8401 /* RKStrokeWidthAttributeWriter.h */,
				796EAB5E14D854B5001E8401 /* RKStrokeWidthAttributeWriter.m */,
				796EAB6214D854C7001E8401 /* RKStrokeColorAttributeWriter.h */,
				796EAB6314D854C7001E8401 /* RKStrokeColorAttributeWriter.m */,
				796EAB6714D854D4001E8401 /* RKShadowAttributeWriter.h */,
				796EAB6814D854D4001E8401 /* RKShadowAttributeWriter.m */,
				796EAB6C14D854E2001E8401 /* RKSuperscriptAttributeWriter.h */,
				796EAB6D14D854E3001E8401 /* RKSuperscriptAttributeWriter.m */,
			);
			name = "Inline Styles";
			sourceTree = "<group>";
		};
		796EAB7114D857DF001E8401 /* Inline Styles */ = {
			isa = PBXGroup;
			children = (
				796EAB7214D85825001E8401 /* RKFontAttributeWriterTest.h */,
				796EAB7314D85825001E8401 /* RKFontAttributeWriterTest.m */,
				796EAB7514D8584A001E8401 /* RKBackgroundColorAttributeWriterTest.h */,
				796EAB7614D8584A001E8401 /* RKBackgroundColorAttributeWriterTest.m */,
				796EAB7814D8585C001E8401 /* RKForegroundColorAttributeWriterTest.h */,
				796EAB7914D8585D001E8401 /* RKForegroundColorAttributeWriterTest.m */,
				796EAB7B14D85874001E8401 /* RKUnderlineStyleAttributeWriterTest.h */,
				796EAB7C14D85874001E8401 /* RKUnderlineStyleAttributeWriterTest.m */,
				796EAB7E14D85886001E8401 /* RKUnderlineColorAttributeWriterTest.h */,
				796EAB7F14D85886001E8401 /* RKUnderlineColorAttributeWriterTest.m */,
				796EAB8114D85899001E8401 /* RKStrikethroughStyleAttributeWriterTest.h */,
				796EAB8214D8589A001E8401 /* RKStrikethroughStyleAttributeWriterTest.m */,
				796EAB8414D858A9001E8401 /* RKStrikethroughColorAttributeWriterTest.h */,
				796EAB8514D858A9001E8401 /* RKStrikethroughColorAttributeWriterTest.m */,
				796EAB8A14D858D1001E8401 /* RKStrokeWidthAttributeWriterTest.h */,
				796EAB8B14D858D2001E8401 /* RKStrokeWidthAttributeWriterTest.m */,
				796EAB8D14D858E7001E8401 /* RKStrokeColorAttributeWriterTest.h */,
				796EAB8E14D858E8001E8401 /* RKStrokeColorAttributeWriterTest.m */,
				796EAB9314D85C64001E8401 /* RKShadowAttributeWriterTest.h */,
				796EAB9414D85C65001E8401 /* RKShadowAttributeWriterTest.m */,
				796EAB9014D858F7001E8401 /* RKSuperscriptAttributeWriterTest.h */,
				796EAB9114D858F8001E8401 /* RKSuperscriptAttributeWriterTest.m */,
			);
			name = "Inline Styles";
			sourceTree = "<group>";
		};
		7987906414D2FA6F0046F8AB /* Attribute Exporters */ = {
			isa = PBXGroup;
			children = (
				796EAB3414D8536A001E8401 /* Inline Styles */,
				796EAB3A14D853AB001E8401 /* RKAttributeWriter.h */,
				796EAB3B14D853AB001E8401 /* RKAttributeWriter.m */,
				7987906814D2FAFB0046F8AB /* RKLinkWriter.h */,
				7987906914D2FAFB0046F8AB /* RKLinkWriter.m */,
				7987906A14D2FAFB0046F8AB /* RKParagraphStyleWriter.h */,
				7987906B14D2FAFB0046F8AB /* RKParagraphStyleWriter.m */,
				7987906C14D2FAFB0046F8AB /* RKTextAttachmentWriter.h */,
				7987906D14D2FAFB0046F8AB /* RKTextAttachmentWriter.m */,
			);
			name = "Attribute Exporters";
			sourceTree = "<group>";
		};
		7987906514D2FA920046F8AB /* Utils */ = {
			isa = PBXGroup;
			children = (
				7987907A14D2FB060046F8AB /* RKConversion.h */,
				7987907B14D2FB060046F8AB /* RKConversion.m */,
				7987907C14D2FB060046F8AB /* RKResourcePool.h */,
				7987907D14D2FB060046F8AB /* RKResourcePool.m */,
				7987907E14D2FB060046F8AB /* RKTaggedString.h */,
				7987907F14D2FB060046F8AB /* RKTaggedString.m */,
			);
			name = Utils;
			sourceTree = "<group>";
		};
		7987908914D2FB090046F8AB /* Utils */ = {
			isa = PBXGroup;
			children = (
				7987908B14D2FB470046F8AB /* RKConversionTest.h */,
				7987908C14D2FB470046F8AB /* RKConversionTest.m */,
				7987908D14D2FB470046F8AB /* RKResourcePoolTest.h */,
				7987908E14D2FB470046F8AB /* RKResourcePoolTest.m */,
				7987908F14D2FB470046F8AB /* RKTaggedStringTest.h */,
				7987909014D2FB470046F8AB /* RKTaggedStringTest.m */,
			);
			name = Utils;
			sourceTree = "<group>";
		};
		7987908A14D2FB130046F8AB /* Attribute Exporters */ = {
			isa = PBXGroup;
			children = (
				796EAB7114D857DF001E8401 /* Inline Styles */,
				798790A114D2FE230046F8AB /* RKLinkWriterTest.h */,
				798790A214D2FE230046F8AB /* RKLinkWriterTest.m */,
				7987909514D2FDDB0046F8AB /* RKParagraphStyleWriterTest.h */,
				7987909614D2FDDB0046F8AB /* RKParagraphStyleWriterTest.m */,
				7987909E14D2FE100046F8AB /* RKTextAttachmentWriterTest.h */,
				7987909F14D2FE100046F8AB /* RKTextAttachmentWriterTest.m */,
			);
			name = "Attribute Exporters";
			sourceTree = "<group>";
		};
		79A359A214D1A1D10076A5F7 /* Utils */ = {
			isa = PBXGroup;
			children = (
				79A359A314D1A3650076A5F7 /* RKSection+TestExtensions.h */,
				79A359A414D1A38C0076A5F7 /* RKHeaderWriter+TestExtensions.h */,
				7987903B14D1C1920046F8AB /* RKSectionWriter+TestExtensions.h */,
				7987903D14D2BD220046F8AB /* RKParagraphStyleWriter+TestExtensions.h */,
				7987904E14D2E0310046F8AB /* RKTaggedString+TestExtensions.m */,
				7987904D14D2DF7E0046F8AB /* RKTaggedString+TestExtensions.h */,
			);
			name = Utils;
			sourceTree = "<group>";
		};
		79F673A914C84A5A005D03FA /* Export */ = {
			isa = PBXGroup;
			children = (
				7987906414D2FA6F0046F8AB /* Attribute Exporters */,
				7987906514D2FA920046F8AB /* Utils */,
				79F673CD14C883EB005D03FA /* RKWriter.h */,
				79F673CE14C883EB005D03FA /* RKWriter.m */,
				79A3598014D0418C0076A5F7 /* RKHeaderWriter.h */,
				79A3598114D0418C0076A5F7 /* RKHeaderWriter.m */,
				79A3598A14D0424E0076A5F7 /* RKBodyWriter.h */,
				79A3598B14D0424E0076A5F7 /* RKBodyWriter.m */,
				79A359A514D1A4B60076A5F7 /* RKSectionWriter.h */,
				79A359A614D1A4B60076A5F7 /* RKSectionWriter.m */,
				7987903314D1BC5C0046F8AB /* RKAttributedStringWriter.h */,
				7987903414D1BC5D0046F8AB /* RKAttributedStringWriter.m */,
			);
			name = Export;
			sourceTree = "<group>";
		};
		79F673AB14C84A65005D03FA /* Document */ = {
			isa = PBXGroup;
			children = (
				79F673AC14C84A9E005D03FA /* RKDocument.h */,
				79F673AD14C84A9E005D03FA /* RKDocument.m */,
				79F673B614C84AE0005D03FA /* RKSection.h */,
				79F673B714C84AE0005D03FA /* RKSection.m */,
			);
			name = Document;
			sourceTree = "<group>";
		};
		79F673B114C84AA3005D03FA /* Document */ = {
			isa = PBXGroup;
			children = (
				79F673B314C84ACC005D03FA /* RKDocumentTest.h */,
				79F673B414C84ACC005D03FA /* RKDocumentTest.m */,
				797DA1C814C97E05000DDAF3 /* RKSectionTest.h */,
				797DA1C914C97E05000DDAF3 /* RKSectionTest.m */,
			);
			name = Document;
			sourceTree = "<group>";
		};
		79F673B214C84AA9005D03FA /* Export */ = {
			isa = PBXGroup;
			children = (
				7987908A14D2FB130046F8AB /* Attribute Exporters */,
				7987908914D2FB090046F8AB /* Utils */,
				79A3597A14D00AB70076A5F7 /* RKWriterTest.h */,
				79A3597B14D00AB70076A5F7 /* RKWriterTest.m */,
				79A3598514D041A10076A5F7 /* RKHeaderWriterTest.h */,
				79A3598614D041A20076A5F7 /* RKHeaderWriterTest.m */,
				79A3599C14D17B970076A5F7 /* RKBodyWriterTest.h */,
				79A3599D14D17B970076A5F7 /* RKBodyWriterTest.m */,
				79A359AA14D1A4CB0076A5F7 /* RKSectionWriterTest.h */,
				79A359AB14D1A4CC0076A5F7 /* RKSectionWriterTest.m */,
				7987903814D1BCE40046F8AB /* RKAttributedStringWriterTest.h */,
				7987903914D1BCE40046F8AB /* RKAttributedStringWriterTest.m */,
			);
			name = Export;
			sourceTree = "<group>";
		};
/* End PBXGroup section */

/* Begin PBXHeadersBuildPhase section */
		50317D3514C494C800F23C04 /* Headers */ = {
			isa = PBXHeadersBuildPhase;
			buildActionMask = 2147483647;
			files = (
				50317D6B14C4951D00F23C04 /* RTFKit-Prefix.pch in Headers */,
				50317D6C14C4951D00F23C04 /* RTFKit.h in Headers */,
				79F673AE14C84A9E005D03FA /* RKDocument.h in Headers */,
				79F673B814C84AE0005D03FA /* RKSection.h in Headers */,
				79F673CC14C875BB005D03FA /* RKTypes.h in Headers */,
				79F673CF14C883EB005D03FA /* RKWriter.h in Headers */,
				79A3598214D0418C0076A5F7 /* RKHeaderWriter.h in Headers */,
				79A3598C14D0424E0076A5F7 /* RKBodyWriter.h in Headers */,
				79A359A714D1A4B70076A5F7 /* RKSectionWriter.h in Headers */,
				7987903514D1BC5D0046F8AB /* RKAttributedStringWriter.h in Headers */,
				7987907114D2FAFB0046F8AB /* RKLinkWriter.h in Headers */,
				7987907414D2FAFB0046F8AB /* RKParagraphStyleWriter.h in Headers */,
				7987907714D2FAFC0046F8AB /* RKTextAttachmentWriter.h in Headers */,
				7987908014D2FB060046F8AB /* RKConversion.h in Headers */,
				7987908314D2FB060046F8AB /* RKResourcePool.h in Headers */,
				7987908614D2FB060046F8AB /* RKTaggedString.h in Headers */,
				796EAB3714D85383001E8401 /* RKFontAttributeWriter.h in Headers */,
				796EAB3C14D853AC001E8401 /* RKAttributeWriter.h in Headers */,
				796EAB4114D85442001E8401 /* RKBackgroundColorAttributeWriter.h in Headers */,
				796EAB4614D85454001E8401 /* RKForegroundColorAttributeWriter.h in Headers */,
				796EAB4B14D85468001E8401 /* RKUnderlineStyleAttributeWriter.h in Headers */,
				796EAB5014D85477001E8401 /* RKUnderlineColorAttributeWriter.h in Headers */,
				796EAB5514D85490001E8401 /* RKStrikethroughStyleAttributeWriter.h in Headers */,
				796EAB5A14D8549F001E8401 /* RKStrikethroughColorAttributeWriter.h in Headers */,
				796EAB5F14D854B5001E8401 /* RKStrokeWidthAttributeWriter.h in Headers */,
				796EAB6414D854C7001E8401 /* RKStrokeColorAttributeWriter.h in Headers */,
				796EAB6914D854D5001E8401 /* RKShadowAttributeWriter.h in Headers */,
				796EAB6E14D854E3001E8401 /* RKSuperscriptAttributeWriter.h in Headers */,
			);
			runOnlyForDeploymentPostprocessing = 0;
		};
/* End PBXHeadersBuildPhase section */

/* Begin PBXNativeTarget section */
		50317D3614C494C800F23C04 /* RTFKit */ = {
			isa = PBXNativeTarget;
			buildConfigurationList = 50317D5D14C494C800F23C04 /* Build configuration list for PBXNativeTarget "RTFKit" */;
			buildPhases = (
				50317D3314C494C800F23C04 /* Sources */,
				50317D3414C494C800F23C04 /* Frameworks */,
				50317D3514C494C800F23C04 /* Headers */,
			);
			buildRules = (
			);
			dependencies = (
			);
			name = RTFKit;
			productName = RTFKit;
			productReference = 50317D3714C494C800F23C04 /* RTFKit.dylib */;
			productType = "com.apple.product-type.library.dynamic";
		};
		50317D4A14C494C800F23C04 /* RTFKitTests */ = {
			isa = PBXNativeTarget;
			buildConfigurationList = 50317D6014C494C800F23C04 /* Build configuration list for PBXNativeTarget "RTFKitTests" */;
			buildPhases = (
				50317D4614C494C800F23C04 /* Sources */,
				50317D4714C494C800F23C04 /* Frameworks */,
				50317D4814C494C800F23C04 /* Resources */,
				50317D4914C494C800F23C04 /* ShellScript */,
			);
			buildRules = (
			);
			dependencies = (
				50317D5014C494C800F23C04 /* PBXTargetDependency */,
			);
			name = RTFKitTests;
			productName = RTFKitTests;
			productReference = 50317D4B14C494C800F23C04 /* RTFKitTests.octest */;
			productType = "com.apple.product-type.bundle";
		};
/* End PBXNativeTarget section */

/* Begin PBXProject section */
		50317D2E14C494C800F23C04 /* Project object */ = {
			isa = PBXProject;
			attributes = {
				LastUpgradeCheck = 0420;
				ORGANIZATIONNAME = "The Soulmen";
			};
			buildConfigurationList = 50317D3114C494C800F23C04 /* Build configuration list for PBXProject "RTFKit" */;
			compatibilityVersion = "Xcode 3.2";
			developmentRegion = English;
			hasScannedForEncodings = 0;
			knownRegions = (
				en,
			);
			mainGroup = 50317D2C14C494C800F23C04;
			productRefGroup = 50317D3814C494C800F23C04 /* Products */;
			projectDirPath = "";
			projectRoot = "";
			targets = (
				50317D3614C494C800F23C04 /* RTFKit */,
				50317D4A14C494C800F23C04 /* RTFKitTests */,
			);
		};
/* End PBXProject section */

/* Begin PBXResourcesBuildPhase section */
		50317D4814C494C800F23C04 /* Resources */ = {
			isa = PBXResourcesBuildPhase;
			buildActionMask = 2147483647;
			files = (
				79A3597F14D024A80076A5F7 /* Test Data in Resources */,
			);
			runOnlyForDeploymentPostprocessing = 0;
		};
/* End PBXResourcesBuildPhase section */

/* Begin PBXShellScriptBuildPhase section */
		50317D4914C494C800F23C04 /* ShellScript */ = {
			isa = PBXShellScriptBuildPhase;
			buildActionMask = 2147483647;
			files = (
			);
			inputPaths = (
			);
			outputPaths = (
			);
			runOnlyForDeploymentPostprocessing = 0;
			shellPath = /bin/sh;
			shellScript = "# Run the unit tests in this test bundle.\n\"${SYSTEM_DEVELOPER_DIR}/Tools/RunUnitTests\"\n";
		};
/* End PBXShellScriptBuildPhase section */

/* Begin PBXSourcesBuildPhase section */
		50317D3314C494C800F23C04 /* Sources */ = {
			isa = PBXSourcesBuildPhase;
			buildActionMask = 2147483647;
			files = (
				79F673AF14C84A9E005D03FA /* RKDocument.m in Sources */,
				79F673B914C84AE0005D03FA /* RKSection.m in Sources */,
				79F673D014C883EB005D03FA /* RKWriter.m in Sources */,
				79A3598314D0418C0076A5F7 /* RKHeaderWriter.m in Sources */,
				79A3598D14D0424E0076A5F7 /* RKBodyWriter.m in Sources */,
				79A359A814D1A4B70076A5F7 /* RKSectionWriter.m in Sources */,
				7987903614D1BC5D0046F8AB /* RKAttributedStringWriter.m in Sources */,
				7987907214D2FAFB0046F8AB /* RKLinkWriter.m in Sources */,
				7987907514D2FAFC0046F8AB /* RKParagraphStyleWriter.m in Sources */,
				7987907814D2FAFC0046F8AB /* RKTextAttachmentWriter.m in Sources */,
				7987908114D2FB060046F8AB /* RKConversion.m in Sources */,
				7987908414D2FB060046F8AB /* RKResourcePool.m in Sources */,
				7987908714D2FB060046F8AB /* RKTaggedString.m in Sources */,
				796EAB3814D85383001E8401 /* RKFontAttributeWriter.m in Sources */,
				796EAB3D14D853AC001E8401 /* RKAttributeWriter.m in Sources */,
				796EAB4214D85442001E8401 /* RKBackgroundColorAttributeWriter.m in Sources */,
				796EAB4714D85454001E8401 /* RKForegroundColorAttributeWriter.m in Sources */,
				796EAB4C14D85468001E8401 /* RKUnderlineStyleAttributeWriter.m in Sources */,
				796EAB5114D85477001E8401 /* RKUnderlineColorAttributeWriter.m in Sources */,
				796EAB5614D85490001E8401 /* RKStrikethroughStyleAttributeWriter.m in Sources */,
				796EAB5B14D8549F001E8401 /* RKStrikethroughColorAttributeWriter.m in Sources */,
				796EAB6014D854B5001E8401 /* RKStrokeWidthAttributeWriter.m in Sources */,
				796EAB6514D854C7001E8401 /* RKStrokeColorAttributeWriter.m in Sources */,
				796EAB6A14D854D5001E8401 /* RKShadowAttributeWriter.m in Sources */,
				796EAB6F14D854E3001E8401 /* RKSuperscriptAttributeWriter.m in Sources */,
			);
			runOnlyForDeploymentPostprocessing = 0;
		};
		50317D4614C494C800F23C04 /* Sources */ = {
			isa = PBXSourcesBuildPhase;
			buildActionMask = 2147483647;
			files = (
				79F673B014C84A9E005D03FA /* RKDocument.m in Sources */,
				79F673B514C84ACC005D03FA /* RKDocumentTest.m in Sources */,
				79F673BA14C84AE0005D03FA /* RKSection.m in Sources */,
				79F673D114C883EB005D03FA /* RKWriter.m in Sources */,
				797DA1CA14C97E05000DDAF3 /* RKSectionTest.m in Sources */,
				79A3597D14D00AB70076A5F7 /* RKWriterTest.m in Sources */,
				79A3598414D0418C0076A5F7 /* RKHeaderWriter.m in Sources */,
				79A3598914D041A20076A5F7 /* RKHeaderWriterTest.m in Sources */,
				79A359A014D17B9D0076A5F7 /* RKBodyWriterTest.m in Sources */,
				79A359A914D1A4B70076A5F7 /* RKSectionWriter.m in Sources */,
				79A359AC14D1A4CD0076A5F7 /* RKSectionWriterTest.m in Sources */,
				7987903A14D1BCE40046F8AB /* RKAttributedStringWriterTest.m in Sources */,
				7987904F14D2E0320046F8AB /* RKTaggedString+TestExtensions.m in Sources */,
				7987907314D2FAFB0046F8AB /* RKLinkWriter.m in Sources */,
				7987907614D2FAFC0046F8AB /* RKParagraphStyleWriter.m in Sources */,
				7987907914D2FAFC0046F8AB /* RKTextAttachmentWriter.m in Sources */,
				7987908214D2FB060046F8AB /* RKConversion.m in Sources */,
				7987908514D2FB060046F8AB /* RKResourcePool.m in Sources */,
				7987908814D2FB060046F8AB /* RKTaggedString.m in Sources */,
				7987909114D2FB470046F8AB /* RKConversionTest.m in Sources */,
				7987909214D2FB470046F8AB /* RKResourcePoolTest.m in Sources */,
				7987909314D2FB470046F8AB /* RKTaggedStringTest.m in Sources */,
				7987909714D2FDDB0046F8AB /* RKParagraphStyleWriterTest.m in Sources */,
				798790A014D2FE100046F8AB /* RKTextAttachmentWriterTest.m in Sources */,
				798790A314D2FE240046F8AB /* RKLinkWriterTest.m in Sources */,
				796EAB3914D85383001E8401 /* RKFontAttributeWriter.m in Sources */,
				796EAB3E14D853AC001E8401 /* RKAttributeWriter.m in Sources */,
				796EAB4314D85442001E8401 /* RKBackgroundColorAttributeWriter.m in Sources */,
				796EAB4814D85454001E8401 /* RKForegroundColorAttributeWriter.m in Sources */,
				796EAB4D14D85468001E8401 /* RKUnderlineStyleAttributeWriter.m in Sources */,
				796EAB5214D85477001E8401 /* RKUnderlineColorAttributeWriter.m in Sources */,
				796EAB5714D85490001E8401 /* RKStrikethroughStyleAttributeWriter.m in Sources */,
				796EAB5C14D8549F001E8401 /* RKStrikethroughColorAttributeWriter.m in Sources */,
				796EAB6114D854B5001E8401 /* RKStrokeWidthAttributeWriter.m in Sources */,
				796EAB6614D854C7001E8401 /* RKStrokeColorAttributeWriter.m in Sources */,
				796EAB6B14D854D5001E8401 /* RKShadowAttributeWriter.m in Sources */,
				796EAB7014D854E3001E8401 /* RKSuperscriptAttributeWriter.m in Sources */,
				796EAB7414D85825001E8401 /* RKFontAttributeWriterTest.m in Sources */,
				796EAB7714D8584A001E8401 /* RKBackgroundColorAttributeWriterTest.m in Sources */,
				796EAB7A14D8585D001E8401 /* RKForegroundColorAttributeWriterTest.m in Sources */,
				796EAB7D14D85874001E8401 /* RKUnderlineStyleAttributeWriterTest.m in Sources */,
				796EAB8014D85886001E8401 /* RKUnderlineColorAttributeWriterTest.m in Sources */,
				796EAB8314D8589A001E8401 /* RKStrikethroughStyleAttributeWriterTest.m in Sources */,
				796EAB8614D858AA001E8401 /* RKStrikethroughColorAttributeWriterTest.m in Sources */,
				796EAB8C14D858D2001E8401 /* RKStrokeWidthAttributeWriterTest.m in Sources */,
				796EAB8F14D858E9001E8401 /* RKStrokeColorAttributeWriterTest.m in Sources */,
				796EAB9214D858F9001E8401 /* RKSuperscriptAttributeWriterTest.m in Sources */,
				796EAB9514D85C66001E8401 /* RKShadowAttributeWriterTest.m in Sources */,
			);
			runOnlyForDeploymentPostprocessing = 0;
		};
/* End PBXSourcesBuildPhase section */

/* Begin PBXTargetDependency section */
		50317D5014C494C800F23C04 /* PBXTargetDependency */ = {
			isa = PBXTargetDependency;
			target = 50317D3614C494C800F23C04 /* RTFKit */;
			targetProxy = 50317D4F14C494C800F23C04 /* PBXContainerItemProxy */;
		};
/* End PBXTargetDependency section */

/* Begin XCBuildConfiguration section */
		50317D5B14C494C800F23C04 /* Debug */ = {
			isa = XCBuildConfiguration;
			buildSettings = {
				ALWAYS_SEARCH_USER_PATHS = NO;
				ARCHS = "$(ARCHS_STANDARD_64_BIT)";
				CLANG_ENABLE_OBJC_ARC = YES;
				COPY_PHASE_STRIP = NO;
				DEBUG_INFORMATION_FORMAT = "dwarf-with-dsym";
				GCC_C_LANGUAGE_STANDARD = gnu99;
				GCC_DYNAMIC_NO_PIC = NO;
				GCC_ENABLE_OBJC_EXCEPTIONS = YES;
				GCC_OPTIMIZATION_LEVEL = 0;
				GCC_PREPROCESSOR_DEFINITIONS = (
					"DEBUG=1",
					"$(inherited)",
				);
				GCC_SYMBOLS_PRIVATE_EXTERN = NO;
				GCC_VERSION = com.apple.compilers.llvm.clang.1_0;
				GCC_WARN_64_TO_32_BIT_CONVERSION = YES;
				GCC_WARN_ABOUT_MISSING_PROTOTYPES = YES;
				GCC_WARN_ABOUT_RETURN_TYPE = YES;
				GCC_WARN_UNUSED_VARIABLE = YES;
				MACOSX_DEPLOYMENT_TARGET = 10.7;
				ONLY_ACTIVE_ARCH = YES;
				SDKROOT = macosx;
			};
			name = Debug;
		};
		50317D5C14C494C800F23C04 /* Release */ = {
			isa = XCBuildConfiguration;
			buildSettings = {
				ALWAYS_SEARCH_USER_PATHS = NO;
				ARCHS = "$(ARCHS_STANDARD_64_BIT)";
				CLANG_ENABLE_OBJC_ARC = YES;
				COPY_PHASE_STRIP = YES;
				DEBUG_INFORMATION_FORMAT = "dwarf-with-dsym";
				GCC_C_LANGUAGE_STANDARD = gnu99;
				GCC_ENABLE_OBJC_EXCEPTIONS = YES;
				GCC_VERSION = com.apple.compilers.llvm.clang.1_0;
				GCC_WARN_64_TO_32_BIT_CONVERSION = YES;
				GCC_WARN_ABOUT_MISSING_PROTOTYPES = YES;
				GCC_WARN_ABOUT_RETURN_TYPE = YES;
				GCC_WARN_UNUSED_VARIABLE = YES;
				MACOSX_DEPLOYMENT_TARGET = 10.7;
				SDKROOT = macosx;
			};
			name = Release;
		};
		50317D5E14C494C800F23C04 /* Debug */ = {
			isa = XCBuildConfiguration;
			buildSettings = {
				DYLIB_COMPATIBILITY_VERSION = 1;
				DYLIB_CURRENT_VERSION = 1;
				GCC_PRECOMPILE_PREFIX_HEADER = YES;
				GCC_PREFIX_HEADER = "Source/RTFKit-Prefix.pch";
				PRODUCT_NAME = "$(TARGET_NAME)";
			};
			name = Debug;
		};
		50317D5F14C494C800F23C04 /* Release */ = {
			isa = XCBuildConfiguration;
			buildSettings = {
				DYLIB_COMPATIBILITY_VERSION = 1;
				DYLIB_CURRENT_VERSION = 1;
				GCC_PRECOMPILE_PREFIX_HEADER = YES;
				GCC_PREFIX_HEADER = "Source/RTFKit-Prefix.pch";
				PRODUCT_NAME = "$(TARGET_NAME)";
			};
			name = Release;
		};
		50317D6114C494C800F23C04 /* Debug */ = {
			isa = XCBuildConfiguration;
			buildSettings = {
				FRAMEWORK_SEARCH_PATHS = "$(DEVELOPER_LIBRARY_DIR)/Frameworks";
				GCC_PRECOMPILE_PREFIX_HEADER = YES;
				GCC_PREFIX_HEADER = "Tests/RTFKitTests-Prefix.pch";
				INFOPLIST_FILE = "Tests/RTFKitTests-Info.plist";
				PRODUCT_NAME = "$(TARGET_NAME)";
				WRAPPER_EXTENSION = octest;
			};
			name = Debug;
		};
		50317D6214C494C800F23C04 /* Release */ = {
			isa = XCBuildConfiguration;
			buildSettings = {
				FRAMEWORK_SEARCH_PATHS = "$(DEVELOPER_LIBRARY_DIR)/Frameworks";
				GCC_PRECOMPILE_PREFIX_HEADER = YES;
				GCC_PREFIX_HEADER = "Tests/RTFKitTests-Prefix.pch";
				INFOPLIST_FILE = "Tests/RTFKitTests-Info.plist";
				PRODUCT_NAME = "$(TARGET_NAME)";
				WRAPPER_EXTENSION = octest;
			};
			name = Release;
		};
/* End XCBuildConfiguration section */

/* Begin XCConfigurationList section */
		50317D3114C494C800F23C04 /* Build configuration list for PBXProject "RTFKit" */ = {
			isa = XCConfigurationList;
			buildConfigurations = (
				50317D5B14C494C800F23C04 /* Debug */,
				50317D5C14C494C800F23C04 /* Release */,
			);
			defaultConfigurationIsVisible = 0;
			defaultConfigurationName = Release;
		};
		50317D5D14C494C800F23C04 /* Build configuration list for PBXNativeTarget "RTFKit" */ = {
			isa = XCConfigurationList;
			buildConfigurations = (
				50317D5E14C494C800F23C04 /* Debug */,
				50317D5F14C494C800F23C04 /* Release */,
			);
			defaultConfigurationIsVisible = 0;
			defaultConfigurationName = Release;
		};
		50317D6014C494C800F23C04 /* Build configuration list for PBXNativeTarget "RTFKitTests" */ = {
			isa = XCConfigurationList;
			buildConfigurations = (
				50317D6114C494C800F23C04 /* Debug */,
				50317D6214C494C800F23C04 /* Release */,
			);
			defaultConfigurationIsVisible = 0;
			defaultConfigurationName = Release;
		};
/* End XCConfigurationList section */
	};
	rootObject = 50317D2E14C494C800F23C04 /* Project object */;
}
